// !$*UTF8*$!
{
	archiveVersion = 1;
	classes = {
	};
	objectVersion = 56;
	objects = {

/* Begin PBXBuildFile section */
		32D538312A91F0A300DFC38D /* Verifiable.swift in Sources */ = {isa = PBXBuildFile; fileRef = 32D538302A91F0A300DFC38D /* Verifiable.swift */; };
		32D538332A91F1CC00DFC38D /* LookView.swift in Sources */ = {isa = PBXBuildFile; fileRef = 32D538322A91F1CC00DFC38D /* LookView.swift */; };
		32D538362A91F20100DFC38D /* BasicDetailsSetupView.swift in Sources */ = {isa = PBXBuildFile; fileRef = 32D538352A91F20100DFC38D /* BasicDetailsSetupView.swift */; };
		32D538382A91F21B00DFC38D /* DisabilitySetupView.swift in Sources */ = {isa = PBXBuildFile; fileRef = 32D538372A91F21B00DFC38D /* DisabilitySetupView.swift */; };
		32D5383A2A91F23D00DFC38D /* DatingPreferencesView.swift in Sources */ = {isa = PBXBuildFile; fileRef = 32D538392A91F23D00DFC38D /* DatingPreferencesView.swift */; };
		32D5383C2A91F25900DFC38D /* AbouteMeView.swift in Sources */ = {isa = PBXBuildFile; fileRef = 32D5383B2A91F25900DFC38D /* AbouteMeView.swift */; };
		32D5383E2A91F29800DFC38D /* MatchSeekerProfile.swift in Sources */ = {isa = PBXBuildFile; fileRef = 32D5383D2A91F29800DFC38D /* MatchSeekerProfile.swift */; };
		32D538402A91F2C600DFC38D /* DreamList.swift in Sources */ = {isa = PBXBuildFile; fileRef = 32D5383F2A91F2C600DFC38D /* DreamList.swift */; };
		32D538422A91F33C00DFC38D /* AccountSettings.swift in Sources */ = {isa = PBXBuildFile; fileRef = 32D538412A91F33C00DFC38D /* AccountSettings.swift */; };
		32D538442A91F37000DFC38D /* SettingsView.swift in Sources */ = {isa = PBXBuildFile; fileRef = 32D538432A91F37000DFC38D /* SettingsView.swift */; };
		32D538462A922A3800DFC38D /* AgeCheckSetupView.swift in Sources */ = {isa = PBXBuildFile; fileRef = 32D538452A922A3800DFC38D /* AgeCheckSetupView.swift */; };
		32F250F32A90D2C10084424B /* AdvancediOS_SouldDates_Ass1App.swift in Sources */ = {isa = PBXBuildFile; fileRef = 32F250F22A90D2C10084424B /* AdvancediOS_SouldDates_Ass1App.swift */; };
		32F250F52A90D2C10084424B /* ContentView.swift in Sources */ = {isa = PBXBuildFile; fileRef = 32F250F42A90D2C10084424B /* ContentView.swift */; };
		32F250F72A90D2C20084424B /* Assets.xcassets in Resources */ = {isa = PBXBuildFile; fileRef = 32F250F62A90D2C20084424B /* Assets.xcassets */; };
		32F250FA2A90D2C20084424B /* Preview Assets.xcassets in Resources */ = {isa = PBXBuildFile; fileRef = 32F250F92A90D2C20084424B /* Preview Assets.xcassets */; };
		32F251042A90D2C20084424B /* AdvancediOS_SouldDates_Ass1Tests.swift in Sources */ = {isa = PBXBuildFile; fileRef = 32F251032A90D2C20084424B /* AdvancediOS_SouldDates_Ass1Tests.swift */; };
		32F2510E2A90D2C20084424B /* AdvancediOS_SouldDates_Ass1UITests.swift in Sources */ = {isa = PBXBuildFile; fileRef = 32F2510D2A90D2C20084424B /* AdvancediOS_SouldDates_Ass1UITests.swift */; };
		32F251102A90D2C20084424B /* AdvancediOS_SouldDates_Ass1UITestsLaunchTests.swift in Sources */ = {isa = PBXBuildFile; fileRef = 32F2510F2A90D2C20084424B /* AdvancediOS_SouldDates_Ass1UITestsLaunchTests.swift */; };
		32F2511D2A90D5390084424B /* WelcomeView.swift in Sources */ = {isa = PBXBuildFile; fileRef = 32F2511C2A90D5390084424B /* WelcomeView.swift */; };
		32F2511F2A90DE800084424B /* ProfileView.swift in Sources */ = {isa = PBXBuildFile; fileRef = 32F2511E2A90DE800084424B /* ProfileView.swift */; };
		32F519152A9EEDBB005DA063 /* Persons.swift in Sources */ = {isa = PBXBuildFile; fileRef = 32F519142A9EEDBB005DA063 /* Persons.swift */; };
		32F519172A9EEEB6005DA063 /* BackgroundCheck.swift in Sources */ = {isa = PBXBuildFile; fileRef = 32F519162A9EEEB6005DA063 /* BackgroundCheck.swift */; };
/* End PBXBuildFile section */

/* Begin PBXContainerItemProxy section */
		32F251002A90D2C20084424B /* PBXContainerItemProxy */ = {
			isa = PBXContainerItemProxy;
			containerPortal = 32F250E72A90D2C10084424B /* Project object */;
			proxyType = 1;
			remoteGlobalIDString = 32F250EE2A90D2C10084424B;
			remoteInfo = AdvancediOS_SouldDates_Ass1;
		};
		32F2510A2A90D2C20084424B /* PBXContainerItemProxy */ = {
			isa = PBXContainerItemProxy;
			containerPortal = 32F250E72A90D2C10084424B /* Project object */;
			proxyType = 1;
			remoteGlobalIDString = 32F250EE2A90D2C10084424B;
			remoteInfo = AdvancediOS_SouldDates_Ass1;
		};
/* End PBXContainerItemProxy section */

/* Begin PBXFileReference section */
		32D538302A91F0A300DFC38D /* Verifiable.swift */ = {isa = PBXFileReference; lastKnownFileType = sourcecode.swift; path = Verifiable.swift; sourceTree = "<group>"; };
		32D538322A91F1CC00DFC38D /* LookView.swift */ = {isa = PBXFileReference; lastKnownFileType = sourcecode.swift; path = LookView.swift; sourceTree = "<group>"; };
		32D538352A91F20100DFC38D /* BasicDetailsSetupView.swift */ = {isa = PBXFileReference; lastKnownFileType = sourcecode.swift; path = BasicDetailsSetupView.swift; sourceTree = "<group>"; };
		32D538372A91F21B00DFC38D /* DisabilitySetupView.swift */ = {isa = PBXFileReference; lastKnownFileType = sourcecode.swift; path = DisabilitySetupView.swift; sourceTree = "<group>"; };
		32D538392A91F23D00DFC38D /* DatingPreferencesView.swift */ = {isa = PBXFileReference; lastKnownFileType = sourcecode.swift; path = DatingPreferencesView.swift; sourceTree = "<group>"; };
		32D5383B2A91F25900DFC38D /* AbouteMeView.swift */ = {isa = PBXFileReference; lastKnownFileType = sourcecode.swift; path = AbouteMeView.swift; sourceTree = "<group>"; };
		32D5383D2A91F29800DFC38D /* MatchSeekerProfile.swift */ = {isa = PBXFileReference; lastKnownFileType = sourcecode.swift; path = MatchSeekerProfile.swift; sourceTree = "<group>"; };
		32D5383F2A91F2C600DFC38D /* DreamList.swift */ = {isa = PBXFileReference; lastKnownFileType = sourcecode.swift; path = DreamList.swift; sourceTree = "<group>"; };
		32D538412A91F33C00DFC38D /* AccountSettings.swift */ = {isa = PBXFileReference; lastKnownFileType = sourcecode.swift; path = AccountSettings.swift; sourceTree = "<group>"; };
		32D538432A91F37000DFC38D /* SettingsView.swift */ = {isa = PBXFileReference; lastKnownFileType = sourcecode.swift; path = SettingsView.swift; sourceTree = "<group>"; };
		32D538452A922A3800DFC38D /* AgeCheckSetupView.swift */ = {isa = PBXFileReference; lastKnownFileType = sourcecode.swift; path = AgeCheckSetupView.swift; sourceTree = "<group>"; };
		32F250EF2A90D2C10084424B /* AdvancediOS_SouldDates_Ass1.app */ = {isa = PBXFileReference; explicitFileType = wrapper.application; includeInIndex = 0; path = AdvancediOS_SouldDates_Ass1.app; sourceTree = BUILT_PRODUCTS_DIR; };
		32F250F22A90D2C10084424B /* AdvancediOS_SouldDates_Ass1App.swift */ = {isa = PBXFileReference; lastKnownFileType = sourcecode.swift; path = AdvancediOS_SouldDates_Ass1App.swift; sourceTree = "<group>"; };
		32F250F42A90D2C10084424B /* ContentView.swift */ = {isa = PBXFileReference; lastKnownFileType = sourcecode.swift; path = ContentView.swift; sourceTree = "<group>"; };
		32F250F62A90D2C20084424B /* Assets.xcassets */ = {isa = PBXFileReference; lastKnownFileType = folder.assetcatalog; path = Assets.xcassets; sourceTree = "<group>"; };
		32F250F92A90D2C20084424B /* Preview Assets.xcassets */ = {isa = PBXFileReference; lastKnownFileType = folder.assetcatalog; path = "Preview Assets.xcassets"; sourceTree = "<group>"; };
		32F250FF2A90D2C20084424B /* AdvancediOS_SouldDates_Ass1Tests.xctest */ = {isa = PBXFileReference; explicitFileType = wrapper.cfbundle; includeInIndex = 0; path = AdvancediOS_SouldDates_Ass1Tests.xctest; sourceTree = BUILT_PRODUCTS_DIR; };
		32F251032A90D2C20084424B /* AdvancediOS_SouldDates_Ass1Tests.swift */ = {isa = PBXFileReference; lastKnownFileType = sourcecode.swift; path = AdvancediOS_SouldDates_Ass1Tests.swift; sourceTree = "<group>"; };
		32F251092A90D2C20084424B /* AdvancediOS_SouldDates_Ass1UITests.xctest */ = {isa = PBXFileReference; explicitFileType = wrapper.cfbundle; includeInIndex = 0; path = AdvancediOS_SouldDates_Ass1UITests.xctest; sourceTree = BUILT_PRODUCTS_DIR; };
		32F2510D2A90D2C20084424B /* AdvancediOS_SouldDates_Ass1UITests.swift */ = {isa = PBXFileReference; lastKnownFileType = sourcecode.swift; path = AdvancediOS_SouldDates_Ass1UITests.swift; sourceTree = "<group>"; };
		32F2510F2A90D2C20084424B /* AdvancediOS_SouldDates_Ass1UITestsLaunchTests.swift */ = {isa = PBXFileReference; lastKnownFileType = sourcecode.swift; path = AdvancediOS_SouldDates_Ass1UITestsLaunchTests.swift; sourceTree = "<group>"; };
		32F2511C2A90D5390084424B /* WelcomeView.swift */ = {isa = PBXFileReference; lastKnownFileType = sourcecode.swift; path = WelcomeView.swift; sourceTree = "<group>"; };
		32F2511E2A90DE800084424B /* ProfileView.swift */ = {isa = PBXFileReference; lastKnownFileType = sourcecode.swift; path = ProfileView.swift; sourceTree = "<group>"; };
		32F519142A9EEDBB005DA063 /* Persons.swift */ = {isa = PBXFileReference; lastKnownFileType = sourcecode.swift; path = Persons.swift; sourceTree = "<group>"; };
		32F519162A9EEEB6005DA063 /* BackgroundCheck.swift */ = {isa = PBXFileReference; lastKnownFileType = sourcecode.swift; path = BackgroundCheck.swift; sourceTree = "<group>"; };
/* End PBXFileReference section */

/* Begin PBXFrameworksBuildPhase section */
		32F250EC2A90D2C10084424B /* Frameworks */ = {
			isa = PBXFrameworksBuildPhase;
			buildActionMask = 2147483647;
			files = (
			);
			runOnlyForDeploymentPostprocessing = 0;
		};
		32F250FC2A90D2C20084424B /* Frameworks */ = {
			isa = PBXFrameworksBuildPhase;
			buildActionMask = 2147483647;
			files = (
			);
			runOnlyForDeploymentPostprocessing = 0;
		};
		32F251062A90D2C20084424B /* Frameworks */ = {
			isa = PBXFrameworksBuildPhase;
			buildActionMask = 2147483647;
			files = (
			);
			runOnlyForDeploymentPostprocessing = 0;
		};
/* End PBXFrameworksBuildPhase section */

/* Begin PBXGroup section */
		32D5382C2A91F04800DFC38D /* Models */ = {
			isa = PBXGroup;
			children = (
				32D5383D2A91F29800DFC38D /* MatchSeekerProfile.swift */,
				32D5383F2A91F2C600DFC38D /* DreamList.swift */,
				32F519142A9EEDBB005DA063 /* Persons.swift */,
				32D538412A91F33C00DFC38D /* AccountSettings.swift */,
				32F519162A9EEEB6005DA063 /* BackgroundCheck.swift */,
			);
			path = Models;
			sourceTree = "<group>";
		};
		32D5382D2A91F05800DFC38D /* Views */ = {
			isa = PBXGroup;
			children = (
				32D538342A91F1D700DFC38D /* Initial Setup */,
				32F2511C2A90D5390084424B /* WelcomeView.swift */,
				32F2511E2A90DE800084424B /* ProfileView.swift */,
				32D538322A91F1CC00DFC38D /* LookView.swift */,
				32D538432A91F37000DFC38D /* SettingsView.swift */,
			);
			path = Views;
			sourceTree = "<group>";
		};
		32D5382F2A91F07C00DFC38D /* Protocols */ = {
			isa = PBXGroup;
			children = (
				32D538302A91F0A300DFC38D /* Verifiable.swift */,
			);
			path = Protocols;
			sourceTree = "<group>";
		};
		32D538342A91F1D700DFC38D /* Initial Setup */ = {
			isa = PBXGroup;
			children = (
				32D538352A91F20100DFC38D /* BasicDetailsSetupView.swift */,
				32D538372A91F21B00DFC38D /* DisabilitySetupView.swift */,
				32D538392A91F23D00DFC38D /* DatingPreferencesView.swift */,
				32D5383B2A91F25900DFC38D /* AbouteMeView.swift */,
				32D538452A922A3800DFC38D /* AgeCheckSetupView.swift */,
			);
			path = "Initial Setup";
			sourceTree = "<group>";
		};
		32F250E62A90D2C10084424B = {
			isa = PBXGroup;
			children = (
				32F250F12A90D2C10084424B /* AdvancediOS_SouldDates_Ass1 */,
				32F251022A90D2C20084424B /* AdvancediOS_SouldDates_Ass1Tests */,
				32F2510C2A90D2C20084424B /* AdvancediOS_SouldDates_Ass1UITests */,
				32F250F02A90D2C10084424B /* Products */,
			);
			sourceTree = "<group>";
		};
		32F250F02A90D2C10084424B /* Products */ = {
			isa = PBXGroup;
			children = (
				32F250EF2A90D2C10084424B /* AdvancediOS_SouldDates_Ass1.app */,
				32F250FF2A90D2C20084424B /* AdvancediOS_SouldDates_Ass1Tests.xctest */,
				32F251092A90D2C20084424B /* AdvancediOS_SouldDates_Ass1UITests.xctest */,
			);
			name = Products;
			sourceTree = "<group>";
		};
		32F250F12A90D2C10084424B /* AdvancediOS_SouldDates_Ass1 */ = {
			isa = PBXGroup;
			children = (
				32F250F22A90D2C10084424B /* AdvancediOS_SouldDates_Ass1App.swift */,
				32D5382F2A91F07C00DFC38D /* Protocols */,
				32D5382D2A91F05800DFC38D /* Views */,
				32D5382C2A91F04800DFC38D /* Models */,
				32F250F42A90D2C10084424B /* ContentView.swift */,
				32F250F62A90D2C20084424B /* Assets.xcassets */,
				32F250F82A90D2C20084424B /* Preview Content */,
			);
			path = AdvancediOS_SouldDates_Ass1;
			sourceTree = "<group>";
		};
		32F250F82A90D2C20084424B /* Preview Content */ = {
			isa = PBXGroup;
			children = (
				32F250F92A90D2C20084424B /* Preview Assets.xcassets */,
			);
			path = "Preview Content";
			sourceTree = "<group>";
		};
		32F251022A90D2C20084424B /* AdvancediOS_SouldDates_Ass1Tests */ = {
			isa = PBXGroup;
			children = (
				32F251032A90D2C20084424B /* AdvancediOS_SouldDates_Ass1Tests.swift */,
			);
			path = AdvancediOS_SouldDates_Ass1Tests;
			sourceTree = "<group>";
		};
		32F2510C2A90D2C20084424B /* AdvancediOS_SouldDates_Ass1UITests */ = {
			isa = PBXGroup;
			children = (
				32F2510D2A90D2C20084424B /* AdvancediOS_SouldDates_Ass1UITests.swift */,
				32F2510F2A90D2C20084424B /* AdvancediOS_SouldDates_Ass1UITestsLaunchTests.swift */,
			);
			path = AdvancediOS_SouldDates_Ass1UITests;
			sourceTree = "<group>";
		};
/* End PBXGroup section */

/* Begin PBXNativeTarget section */
		32F250EE2A90D2C10084424B /* AdvancediOS_SouldDates_Ass1 */ = {
			isa = PBXNativeTarget;
			buildConfigurationList = 32F251132A90D2C20084424B /* Build configuration list for PBXNativeTarget "AdvancediOS_SouldDates_Ass1" */;
			buildPhases = (
				32F250EB2A90D2C10084424B /* Sources */,
				32F250EC2A90D2C10084424B /* Frameworks */,
				32F250ED2A90D2C10084424B /* Resources */,
			);
			buildRules = (
			);
			dependencies = (
			);
			name = AdvancediOS_SouldDates_Ass1;
			productName = AdvancediOS_SouldDates_Ass1;
			productReference = 32F250EF2A90D2C10084424B /* AdvancediOS_SouldDates_Ass1.app */;
			productType = "com.apple.product-type.application";
		};
		32F250FE2A90D2C20084424B /* AdvancediOS_SouldDates_Ass1Tests */ = {
			isa = PBXNativeTarget;
			buildConfigurationList = 32F251162A90D2C20084424B /* Build configuration list for PBXNativeTarget "AdvancediOS_SouldDates_Ass1Tests" */;
			buildPhases = (
				32F250FB2A90D2C20084424B /* Sources */,
				32F250FC2A90D2C20084424B /* Frameworks */,
				32F250FD2A90D2C20084424B /* Resources */,
			);
			buildRules = (
			);
			dependencies = (
				32F251012A90D2C20084424B /* PBXTargetDependency */,
			);
			name = AdvancediOS_SouldDates_Ass1Tests;
			productName = AdvancediOS_SouldDates_Ass1Tests;
			productReference = 32F250FF2A90D2C20084424B /* AdvancediOS_SouldDates_Ass1Tests.xctest */;
			productType = "com.apple.product-type.bundle.unit-test";
		};
		32F251082A90D2C20084424B /* AdvancediOS_SouldDates_Ass1UITests */ = {
			isa = PBXNativeTarget;
			buildConfigurationList = 32F251192A90D2C20084424B /* Build configuration list for PBXNativeTarget "AdvancediOS_SouldDates_Ass1UITests" */;
			buildPhases = (
				32F251052A90D2C20084424B /* Sources */,
				32F251062A90D2C20084424B /* Frameworks */,
				32F251072A90D2C20084424B /* Resources */,
			);
			buildRules = (
			);
			dependencies = (
				32F2510B2A90D2C20084424B /* PBXTargetDependency */,
			);
			name = AdvancediOS_SouldDates_Ass1UITests;
			productName = AdvancediOS_SouldDates_Ass1UITests;
			productReference = 32F251092A90D2C20084424B /* AdvancediOS_SouldDates_Ass1UITests.xctest */;
			productType = "com.apple.product-type.bundle.ui-testing";
		};
/* End PBXNativeTarget section */

/* Begin PBXProject section */
		32F250E72A90D2C10084424B /* Project object */ = {
			isa = PBXProject;
			attributes = {
				BuildIndependentTargetsInParallel = 1;
				LastSwiftUpdateCheck = 1430;
				LastUpgradeCheck = 1430;
				TargetAttributes = {
					32F250EE2A90D2C10084424B = {
						CreatedOnToolsVersion = 14.3.1;
					};
					32F250FE2A90D2C20084424B = {
						CreatedOnToolsVersion = 14.3.1;
						TestTargetID = 32F250EE2A90D2C10084424B;
					};
					32F251082A90D2C20084424B = {
						CreatedOnToolsVersion = 14.3.1;
						TestTargetID = 32F250EE2A90D2C10084424B;
					};
				};
			};
			buildConfigurationList = 32F250EA2A90D2C10084424B /* Build configuration list for PBXProject "AdvancediOS_SouldDates_Ass1" */;
			compatibilityVersion = "Xcode 14.0";
			developmentRegion = en;
			hasScannedForEncodings = 0;
			knownRegions = (
				en,
				Base,
			);
			mainGroup = 32F250E62A90D2C10084424B;
			productRefGroup = 32F250F02A90D2C10084424B /* Products */;
			projectDirPath = "";
			projectRoot = "";
			targets = (
				32F250EE2A90D2C10084424B /* AdvancediOS_SouldDates_Ass1 */,
				32F250FE2A90D2C20084424B /* AdvancediOS_SouldDates_Ass1Tests */,
				32F251082A90D2C20084424B /* AdvancediOS_SouldDates_Ass1UITests */,
			);
		};
/* End PBXProject section */

/* Begin PBXResourcesBuildPhase section */
		32F250ED2A90D2C10084424B /* Resources */ = {
			isa = PBXResourcesBuildPhase;
			buildActionMask = 2147483647;
			files = (
				32F250FA2A90D2C20084424B /* Preview Assets.xcassets in Resources */,
				32F250F72A90D2C20084424B /* Assets.xcassets in Resources */,
			);
			runOnlyForDeploymentPostprocessing = 0;
		};
		32F250FD2A90D2C20084424B /* Resources */ = {
			isa = PBXResourcesBuildPhase;
			buildActionMask = 2147483647;
			files = (
			);
			runOnlyForDeploymentPostprocessing = 0;
		};
		32F251072A90D2C20084424B /* Resources */ = {
			isa = PBXResourcesBuildPhase;
			buildActionMask = 2147483647;
			files = (
			);
			runOnlyForDeploymentPostprocessing = 0;
		};
/* End PBXResourcesBuildPhase section */

/* Begin PBXSourcesBuildPhase section */
		32F250EB2A90D2C10084424B /* Sources */ = {
			isa = PBXSourcesBuildPhase;
			buildActionMask = 2147483647;
			files = (
				32F2511F2A90DE800084424B /* ProfileView.swift in Sources */,
				32D5383E2A91F29800DFC38D /* MatchSeekerProfile.swift in Sources */,
				32F519152A9EEDBB005DA063 /* Persons.swift in Sources */,
				32F250F52A90D2C10084424B /* ContentView.swift in Sources */,
				32D538402A91F2C600DFC38D /* DreamList.swift in Sources */,
				32D5383C2A91F25900DFC38D /* AbouteMeView.swift in Sources */,
				32D538312A91F0A300DFC38D /* Verifiable.swift in Sources */,
				32F519172A9EEEB6005DA063 /* BackgroundCheck.swift in Sources */,
				32F2511D2A90D5390084424B /* WelcomeView.swift in Sources */,
				32D538442A91F37000DFC38D /* SettingsView.swift in Sources */,
				32D5383A2A91F23D00DFC38D /* DatingPreferencesView.swift in Sources */,
				32D538362A91F20100DFC38D /* BasicDetailsSetupView.swift in Sources */,
				32F250F32A90D2C10084424B /* AdvancediOS_SouldDates_Ass1App.swift in Sources */,
				32D538422A91F33C00DFC38D /* AccountSettings.swift in Sources */,
				32D538382A91F21B00DFC38D /* DisabilitySetupView.swift in Sources */,
				32D538462A922A3800DFC38D /* AgeCheckSetupView.swift in Sources */,
				32D538332A91F1CC00DFC38D /* LookView.swift in Sources */,
			);
			runOnlyForDeploymentPostprocessing = 0;
		};
		32F250FB2A90D2C20084424B /* Sources */ = {
			isa = PBXSourcesBuildPhase;
			buildActionMask = 2147483647;
			files = (
				32F251042A90D2C20084424B /* AdvancediOS_SouldDates_Ass1Tests.swift in Sources */,
			);
			runOnlyForDeploymentPostprocessing = 0;
		};
		32F251052A90D2C20084424B /* Sources */ = {
			isa = PBXSourcesBuildPhase;
			buildActionMask = 2147483647;
			files = (
				32F251102A90D2C20084424B /* AdvancediOS_SouldDates_Ass1UITestsLaunchTests.swift in Sources */,
				32F2510E2A90D2C20084424B /* AdvancediOS_SouldDates_Ass1UITests.swift in Sources */,
			);
			runOnlyForDeploymentPostprocessing = 0;
		};
/* End PBXSourcesBuildPhase section */

/* Begin PBXTargetDependency section */
		32F251012A90D2C20084424B /* PBXTargetDependency */ = {
			isa = PBXTargetDependency;
			target = 32F250EE2A90D2C10084424B /* AdvancediOS_SouldDates_Ass1 */;
			targetProxy = 32F251002A90D2C20084424B /* PBXContainerItemProxy */;
		};
		32F2510B2A90D2C20084424B /* PBXTargetDependency */ = {
			isa = PBXTargetDependency;
			target = 32F250EE2A90D2C10084424B /* AdvancediOS_SouldDates_Ass1 */;
			targetProxy = 32F2510A2A90D2C20084424B /* PBXContainerItemProxy */;
		};
/* End PBXTargetDependency section */

/* Begin XCBuildConfiguration section */
		32F251112A90D2C20084424B /* Debug */ = {
			isa = XCBuildConfiguration;
			buildSettings = {
				ALWAYS_SEARCH_USER_PATHS = NO;
				CLANG_ANALYZER_NONNULL = YES;
				CLANG_ANALYZER_NUMBER_OBJECT_CONVERSION = YES_AGGRESSIVE;
				CLANG_CXX_LANGUAGE_STANDARD = "gnu++20";
				CLANG_ENABLE_MODULES = YES;
				CLANG_ENABLE_OBJC_ARC = YES;
				CLANG_ENABLE_OBJC_WEAK = YES;
				CLANG_WARN_BLOCK_CAPTURE_AUTORELEASING = YES;
				CLANG_WARN_BOOL_CONVERSION = YES;
				CLANG_WARN_COMMA = YES;
				CLANG_WARN_CONSTANT_CONVERSION = YES;
				CLANG_WARN_DEPRECATED_OBJC_IMPLEMENTATIONS = YES;
				CLANG_WARN_DIRECT_OBJC_ISA_USAGE = YES_ERROR;
				CLANG_WARN_DOCUMENTATION_COMMENTS = YES;
				CLANG_WARN_EMPTY_BODY = YES;
				CLANG_WARN_ENUM_CONVERSION = YES;
				CLANG_WARN_INFINITE_RECURSION = YES;
				CLANG_WARN_INT_CONVERSION = YES;
				CLANG_WARN_NON_LITERAL_NULL_CONVERSION = YES;
				CLANG_WARN_OBJC_IMPLICIT_RETAIN_SELF = YES;
				CLANG_WARN_OBJC_LITERAL_CONVERSION = YES;
				CLANG_WARN_OBJC_ROOT_CLASS = YES_ERROR;
				CLANG_WARN_QUOTED_INCLUDE_IN_FRAMEWORK_HEADER = YES;
				CLANG_WARN_RANGE_LOOP_ANALYSIS = YES;
				CLANG_WARN_STRICT_PROTOTYPES = YES;
				CLANG_WARN_SUSPICIOUS_MOVE = YES;
				CLANG_WARN_UNGUARDED_AVAILABILITY = YES_AGGRESSIVE;
				CLANG_WARN_UNREACHABLE_CODE = YES;
				CLANG_WARN__DUPLICATE_METHOD_MATCH = YES;
				COPY_PHASE_STRIP = NO;
				DEBUG_INFORMATION_FORMAT = dwarf;
				ENABLE_STRICT_OBJC_MSGSEND = YES;
				ENABLE_TESTABILITY = YES;
				GCC_C_LANGUAGE_STANDARD = gnu11;
				GCC_DYNAMIC_NO_PIC = NO;
				GCC_NO_COMMON_BLOCKS = YES;
				GCC_OPTIMIZATION_LEVEL = 0;
				GCC_PREPROCESSOR_DEFINITIONS = (
					"DEBUG=1",
					"$(inherited)",
				);
				GCC_WARN_64_TO_32_BIT_CONVERSION = YES;
				GCC_WARN_ABOUT_RETURN_TYPE = YES_ERROR;
				GCC_WARN_UNDECLARED_SELECTOR = YES;
				GCC_WARN_UNINITIALIZED_AUTOS = YES_AGGRESSIVE;
				GCC_WARN_UNUSED_FUNCTION = YES;
				GCC_WARN_UNUSED_VARIABLE = YES;
				IPHONEOS_DEPLOYMENT_TARGET = 16.4;
				MTL_ENABLE_DEBUG_INFO = INCLUDE_SOURCE;
				MTL_FAST_MATH = YES;
				ONLY_ACTIVE_ARCH = YES;
				SDKROOT = iphoneos;
				SWIFT_ACTIVE_COMPILATION_CONDITIONS = DEBUG;
				SWIFT_OPTIMIZATION_LEVEL = "-Onone";
			};
			name = Debug;
		};
		32F251122A90D2C20084424B /* Release */ = {
			isa = XCBuildConfiguration;
			buildSettings = {
				ALWAYS_SEARCH_USER_PATHS = NO;
				CLANG_ANALYZER_NONNULL = YES;
				CLANG_ANALYZER_NUMBER_OBJECT_CONVERSION = YES_AGGRESSIVE;
				CLANG_CXX_LANGUAGE_STANDARD = "gnu++20";
				CLANG_ENABLE_MODULES = YES;
				CLANG_ENABLE_OBJC_ARC = YES;
				CLANG_ENABLE_OBJC_WEAK = YES;
				CLANG_WARN_BLOCK_CAPTURE_AUTORELEASING = YES;
				CLANG_WARN_BOOL_CONVERSION = YES;
				CLANG_WARN_COMMA = YES;
				CLANG_WARN_CONSTANT_CONVERSION = YES;
				CLANG_WARN_DEPRECATED_OBJC_IMPLEMENTATIONS = YES;
				CLANG_WARN_DIRECT_OBJC_ISA_USAGE = YES_ERROR;
				CLANG_WARN_DOCUMENTATION_COMMENTS = YES;
				CLANG_WARN_EMPTY_BODY = YES;
				CLANG_WARN_ENUM_CONVERSION = YES;
				CLANG_WARN_INFINITE_RECURSION = YES;
				CLANG_WARN_INT_CONVERSION = YES;
				CLANG_WARN_NON_LITERAL_NULL_CONVERSION = YES;
				CLANG_WARN_OBJC_IMPLICIT_RETAIN_SELF = YES;
				CLANG_WARN_OBJC_LITERAL_CONVERSION = YES;
				CLANG_WARN_OBJC_ROOT_CLASS = YES_ERROR;
				CLANG_WARN_QUOTED_INCLUDE_IN_FRAMEWORK_HEADER = YES;
				CLANG_WARN_RANGE_LOOP_ANALYSIS = YES;
				CLANG_WARN_STRICT_PROTOTYPES = YES;
				CLANG_WARN_SUSPICIOUS_MOVE = YES;
				CLANG_WARN_UNGUARDED_AVAILABILITY = YES_AGGRESSIVE;
				CLANG_WARN_UNREACHABLE_CODE = YES;
				CLANG_WARN__DUPLICATE_METHOD_MATCH = YES;
				COPY_PHASE_STRIP = NO;
				DEBUG_INFORMATION_FORMAT = "dwarf-with-dsym";
				ENABLE_NS_ASSERTIONS = NO;
				ENABLE_STRICT_OBJC_MSGSEND = YES;
				GCC_C_LANGUAGE_STANDARD = gnu11;
				GCC_NO_COMMON_BLOCKS = YES;
				GCC_WARN_64_TO_32_BIT_CONVERSION = YES;
				GCC_WARN_ABOUT_RETURN_TYPE = YES_ERROR;
				GCC_WARN_UNDECLARED_SELECTOR = YES;
				GCC_WARN_UNINITIALIZED_AUTOS = YES_AGGRESSIVE;
				GCC_WARN_UNUSED_FUNCTION = YES;
				GCC_WARN_UNUSED_VARIABLE = YES;
				IPHONEOS_DEPLOYMENT_TARGET = 16.4;
				MTL_ENABLE_DEBUG_INFO = NO;
				MTL_FAST_MATH = YES;
				SDKROOT = iphoneos;
				SWIFT_COMPILATION_MODE = wholemodule;
				SWIFT_OPTIMIZATION_LEVEL = "-O";
				VALIDATE_PRODUCT = YES;
			};
			name = Release;
		};
		32F251142A90D2C20084424B /* Debug */ = {
			isa = XCBuildConfiguration;
			buildSettings = {
				ASSETCATALOG_COMPILER_APPICON_NAME = AppIcon;
				ASSETCATALOG_COMPILER_GLOBAL_ACCENT_COLOR_NAME = AccentColor;
				CODE_SIGN_STYLE = Automatic;
				CURRENT_PROJECT_VERSION = 1;
				DEVELOPMENT_ASSET_PATHS = "\"AdvancediOS_SouldDates_Ass1/Preview Content\"";
				DEVELOPMENT_TEAM = HMKUNNBATQ;
				ENABLE_PREVIEWS = YES;
				GENERATE_INFOPLIST_FILE = YES;
				INFOPLIST_KEY_UIApplicationSceneManifest_Generation = YES;
				INFOPLIST_KEY_UIApplicationSupportsIndirectInputEvents = YES;
				INFOPLIST_KEY_UILaunchScreen_Generation = YES;
				INFOPLIST_KEY_UISupportedInterfaceOrientations_iPad = "UIInterfaceOrientationPortrait UIInterfaceOrientationPortraitUpsideDown UIInterfaceOrientationLandscapeLeft UIInterfaceOrientationLandscapeRight";
				INFOPLIST_KEY_UISupportedInterfaceOrientations_iPhone = "UIInterfaceOrientationPortrait UIInterfaceOrientationLandscapeLeft UIInterfaceOrientationLandscapeRight";
				LD_RUNPATH_SEARCH_PATHS = (
					"$(inherited)",
					"@executable_path/Frameworks",
				);
				MARKETING_VERSION = 1.0;
				PRODUCT_BUNDLE_IDENTIFIER = "christopheraverkos.AdvancediOS-SouldDates-Ass1";
				PRODUCT_NAME = "$(TARGET_NAME)";
				SWIFT_EMIT_LOC_STRINGS = YES;
				SWIFT_VERSION = 5.0;
				TARGETED_DEVICE_FAMILY = "1,2";
			};
			name = Debug;
		};
		32F251152A90D2C20084424B /* Release */ = {
			isa = XCBuildConfiguration;
			buildSettings = {
				ASSETCATALOG_COMPILER_APPICON_NAME = AppIcon;
				ASSETCATALOG_COMPILER_GLOBAL_ACCENT_COLOR_NAME = AccentColor;
				CODE_SIGN_STYLE = Automatic;
				CURRENT_PROJECT_VERSION = 1;
				DEVELOPMENT_ASSET_PATHS = "\"AdvancediOS_SouldDates_Ass1/Preview Content\"";
				DEVELOPMENT_TEAM = HMKUNNBATQ;
				ENABLE_PREVIEWS = YES;
				GENERATE_INFOPLIST_FILE = YES;
				INFOPLIST_KEY_UIApplicationSceneManifest_Generation = YES;
				INFOPLIST_KEY_UIApplicationSupportsIndirectInputEvents = YES;
				INFOPLIST_KEY_UILaunchScreen_Generation = YES;
				INFOPLIST_KEY_UISupportedInterfaceOrientations_iPad = "UIInterfaceOrientationPortrait UIInterfaceOrientationPortraitUpsideDown UIInterfaceOrientationLandscapeLeft UIInterfaceOrientationLandscapeRight";
				INFOPLIST_KEY_UISupportedInterfaceOrientations_iPhone = "UIInterfaceOrientationPortrait UIInterfaceOrientationLandscapeLeft UIInterfaceOrientationLandscapeRight";
				LD_RUNPATH_SEARCH_PATHS = (
					"$(inherited)",
					"@executable_path/Frameworks",
				);
				MARKETING_VERSION = 1.0;
				PRODUCT_BUNDLE_IDENTIFIER = "christopheraverkos.AdvancediOS-SouldDates-Ass1";
				PRODUCT_NAME = "$(TARGET_NAME)";
				SWIFT_EMIT_LOC_STRINGS = YES;
				SWIFT_VERSION = 5.0;
				TARGETED_DEVICE_FAMILY = "1,2";
			};
			name = Release;
		};
		32F251172A90D2C20084424B /* Debug */ = {
			isa = XCBuildConfiguration;
			buildSettings = {
				ALWAYS_EMBED_SWIFT_STANDARD_LIBRARIES = YES;
				BUNDLE_LOADER = "$(TEST_HOST)";
				CODE_SIGN_STYLE = Automatic;
				CURRENT_PROJECT_VERSION = 1;
				DEVELOPMENT_TEAM = HMKUNNBATQ;
				GENERATE_INFOPLIST_FILE = YES;
				IPHONEOS_DEPLOYMENT_TARGET = 16.4;
				MARKETING_VERSION = 1.0;
				PRODUCT_BUNDLE_IDENTIFIER = "christopheraverkos.AdvancediOS-SouldDates-Ass1Tests";
				PRODUCT_NAME = "$(TARGET_NAME)";
				SWIFT_EMIT_LOC_STRINGS = NO;
				SWIFT_VERSION = 5.0;
				TARGETED_DEVICE_FAMILY = "1,2";
				TEST_HOST = "$(BUILT_PRODUCTS_DIR)/AdvancediOS_SouldDates_Ass1.app/$(BUNDLE_EXECUTABLE_FOLDER_PATH)/AdvancediOS_SouldDates_Ass1";
			};
			name = Debug;
		};
		32F251182A90D2C20084424B /* Release */ = {
			isa = XCBuildConfiguration;
			buildSettings = {
				ALWAYS_EMBED_SWIFT_STANDARD_LIBRARIES = YES;
				BUNDLE_LOADER = "$(TEST_HOST)";
				CODE_SIGN_STYLE = Automatic;
				CURRENT_PROJECT_VERSION = 1;
				DEVELOPMENT_TEAM = HMKUNNBATQ;
				GENERATE_INFOPLIST_FILE = YES;
				IPHONEOS_DEPLOYMENT_TARGET = 16.4;
				MARKETING_VERSION = 1.0;
				PRODUCT_BUNDLE_IDENTIFIER = "christopheraverkos.AdvancediOS-SouldDates-Ass1Tests";
				PRODUCT_NAME = "$(TARGET_NAME)";
				SWIFT_EMIT_LOC_STRINGS = NO;
				SWIFT_VERSION = 5.0;
				TARGETED_DEVICE_FAMILY = "1,2";
				TEST_HOST = "$(BUILT_PRODUCTS_DIR)/AdvancediOS_SouldDates_Ass1.app/$(BUNDLE_EXECUTABLE_FOLDER_PATH)/AdvancediOS_SouldDates_Ass1";
			};
			name = Release;
		};
		32F2511A2A90D2C20084424B /* Debug */ = {
			isa = XCBuildConfiguration;
			buildSettings = {
				ALWAYS_EMBED_SWIFT_STANDARD_LIBRARIES = YES;
				CODE_SIGN_STYLE = Automatic;
				CURRENT_PROJECT_VERSION = 1;
				DEVELOPMENT_TEAM = HMKUNNBATQ;
				GENERATE_INFOPLIST_FILE = YES;
				MARKETING_VERSION = 1.0;
				PRODUCT_BUNDLE_IDENTIFIER = "christopheraverkos.AdvancediOS-SouldDates-Ass1UITests";
				PRODUCT_NAME = "$(TARGET_NAME)";
				SWIFT_EMIT_LOC_STRINGS = NO;
				SWIFT_VERSION = 5.0;
				TARGETED_DEVICE_FAMILY = "1,2";
				TEST_TARGET_NAME = AdvancediOS_SouldDates_Ass1;
			};
			name = Debug;
		};
		32F2511B2A90D2C20084424B /* Release */ = {
			isa = XCBuildConfiguration;
			buildSettings = {
				ALWAYS_EMBED_SWIFT_STANDARD_LIBRARIES = YES;
				CODE_SIGN_STYLE = Automatic;
				CURRENT_PROJECT_VERSION = 1;
				DEVELOPMENT_TEAM = HMKUNNBATQ;
				GENERATE_INFOPLIST_FILE = YES;
				MARKETING_VERSION = 1.0;
				PRODUCT_BUNDLE_IDENTIFIER = "christopheraverkos.AdvancediOS-SouldDates-Ass1UITests";
				PRODUCT_NAME = "$(TARGET_NAME)";
				SWIFT_EMIT_LOC_STRINGS = NO;
				SWIFT_VERSION = 5.0;
				TARGETED_DEVICE_FAMILY = "1,2";
				TEST_TARGET_NAME = AdvancediOS_SouldDates_Ass1;
			};
			name = Release;
		};
/* End XCBuildConfiguration section */

/* Begin XCConfigurationList section */
		32F250EA2A90D2C10084424B /* Build configuration list for PBXProject "AdvancediOS_SouldDates_Ass1" */ = {
			isa = XCConfigurationList;
			buildConfigurations = (
				32F251112A90D2C20084424B /* Debug */,
				32F251122A90D2C20084424B /* Release */,
			);
			defaultConfigurationIsVisible = 0;
			defaultConfigurationName = Release;
		};
		32F251132A90D2C20084424B /* Build configuration list for PBXNativeTarget "AdvancediOS_SouldDates_Ass1" */ = {
			isa = XCConfigurationList;
			buildConfigurations = (
				32F251142A90D2C20084424B /* Debug */,
				32F251152A90D2C20084424B /* Release */,
			);
			defaultConfigurationIsVisible = 0;
			defaultConfigurationName = Release;
		};
		32F251162A90D2C20084424B /* Build configuration list for PBXNativeTarget "AdvancediOS_SouldDates_Ass1Tests" */ = {
			isa = XCConfigurationList;
			buildConfigurations = (
				32F251172A90D2C20084424B /* Debug */,
				32F251182A90D2C20084424B /* Release */,
			);
			defaultConfigurationIsVisible = 0;
			defaultConfigurationName = Release;
		};
		32F251192A90D2C20084424B /* Build configuration list for PBXNativeTarget "AdvancediOS_SouldDates_Ass1UITests" */ = {
			isa = XCConfigurationList;
			buildConfigurations = (
				32F2511A2A90D2C20084424B /* Debug */,
				32F2511B2A90D2C20084424B /* Release */,
			);
			defaultConfigurationIsVisible = 0;
			defaultConfigurationName = Release;
		};
/* End XCConfigurationList section */
	};
	rootObject = 32F250E72A90D2C10084424B /* Project object */;
}
