// !$*UTF8*$!
{
	archiveVersion = 1;
	classes = {
	};
	objectVersion = 56;
	objects = {

/* Begin PBXBuildFile section */
		321E518D2AA56E5E00513CA9 /* ProfileViewModel.swift in Sources */ = {isa = PBXBuildFile; fileRef = 321E518C2AA56E5E00513CA9 /* ProfileViewModel.swift */; };
		321E51902AA57ED300513CA9 /* MatchSeeker.swift in Sources */ = {isa = PBXBuildFile; fileRef = 321E518F2AA57ED300513CA9 /* MatchSeeker.swift */; };
		321E51942AA5867600513CA9 /* UpdateProfileView.swift in Sources */ = {isa = PBXBuildFile; fileRef = 321E51932AA5867600513CA9 /* UpdateProfileView.swift */; };
		321E51962AA588D700513CA9 /* UpdateProfileViewModel.swift in Sources */ = {isa = PBXBuildFile; fileRef = 321E51952AA588D700513CA9 /* UpdateProfileViewModel.swift */; };
		3224AD9D2AA5379300F37D2A /* InSessionTabView.swift in Sources */ = {isa = PBXBuildFile; fileRef = 3224AD9C2AA5379300F37D2A /* InSessionTabView.swift */; };
		3250E6D82AABE2A700666581 /* UpdateProofOfAgeView.swift in Sources */ = {isa = PBXBuildFile; fileRef = 3250E6D72AABE2A700666581 /* UpdateProofOfAgeView.swift */; };
		3250E6DA2AABE2D500666581 /* UpdateProofOfAgeViewModel.swift in Sources */ = {isa = PBXBuildFile; fileRef = 3250E6D92AABE2D500666581 /* UpdateProofOfAgeViewModel.swift */; };
		3250E6DC2AABFE1F00666581 /* UpdateRefereeCheckView.swift in Sources */ = {isa = PBXBuildFile; fileRef = 3250E6DB2AABFE1F00666581 /* UpdateRefereeCheckView.swift */; };
		3250E6DF2AABFE8700666581 /* UpdateRefereeCheckViewModel.swift in Sources */ = {isa = PBXBuildFile; fileRef = 3250E6DE2AABFE8700666581 /* UpdateRefereeCheckViewModel.swift */; };
		3250E6E12AAE7E7A00666581 /* DreamListView.swift in Sources */ = {isa = PBXBuildFile; fileRef = 3250E6E02AAE7E7A00666581 /* DreamListView.swift */; };
		3250E6E32AAFC08700666581 /* ProfileImageView.swift in Sources */ = {isa = PBXBuildFile; fileRef = 3250E6E22AAFC08700666581 /* ProfileImageView.swift */; };
		3250E6E52AB032F600666581 /* SessionStorageManager.swift in Sources */ = {isa = PBXBuildFile; fileRef = 3250E6E42AB032F600666581 /* SessionStorageManager.swift */; };
		3277DDAF2AB1C043005B5471 /* BackgroundCheckStatusView.swift in Sources */ = {isa = PBXBuildFile; fileRef = 3277DDAE2AB1C043005B5471 /* BackgroundCheckStatusView.swift */; };
		3277DDB12AB527D3005B5471 /* Dateable.swift in Sources */ = {isa = PBXBuildFile; fileRef = 3277DDB02AB527D3005B5471 /* Dateable.swift */; };
		329D8DCD2AAAF0C100F3CA89 /* DatingPreference.swift in Sources */ = {isa = PBXBuildFile; fileRef = 329D8DCC2AAAF0C100F3CA89 /* DatingPreference.swift */; };
		329D8DCF2AAAF68300F3CA89 /* UpdateDatingPreferencesView.swift in Sources */ = {isa = PBXBuildFile; fileRef = 329D8DCE2AAAF68300F3CA89 /* UpdateDatingPreferencesView.swift */; };
		329D8DD12AAAF6D200F3CA89 /* UpdateDatingPreferencesViewModel.swift in Sources */ = {isa = PBXBuildFile; fileRef = 329D8DD02AAAF6D200F3CA89 /* UpdateDatingPreferencesViewModel.swift */; };
		32B174682AABAED00007BA5A /* UpdateBackgroundCheckView.swift in Sources */ = {isa = PBXBuildFile; fileRef = 32B174672AABAED00007BA5A /* UpdateBackgroundCheckView.swift */; };
		32B1746B2AABAF6E0007BA5A /* UpdatePoliceCheckView.swift in Sources */ = {isa = PBXBuildFile; fileRef = 32B1746A2AABAF6E0007BA5A /* UpdatePoliceCheckView.swift */; };
		32B1746D2AABAF970007BA5A /* UpdatePoliceCheckViewModel.swift in Sources */ = {isa = PBXBuildFile; fileRef = 32B1746C2AABAF970007BA5A /* UpdatePoliceCheckViewModel.swift */; };
		32B66C542AA9578700FF139D /* Disability.swift in Sources */ = {isa = PBXBuildFile; fileRef = 32B66C532AA9578700FF139D /* Disability.swift */; };
		32BB89E12AA1B9E30095A649 /* ProfileTests.swift in Sources */ = {isa = PBXBuildFile; fileRef = 32BB89E02AA1B9E30095A649 /* ProfileTests.swift */; };
		32BB89E32AA29F780095A649 /* InterestedInSetupView.swift in Sources */ = {isa = PBXBuildFile; fileRef = 32BB89E22AA29F780095A649 /* InterestedInSetupView.swift */; };
		32BB89E52AA2B1FF0095A649 /* DisabilityDetailsSetupView.swift in Sources */ = {isa = PBXBuildFile; fileRef = 32BB89E42AA2B1FF0095A649 /* DisabilityDetailsSetupView.swift */; };
		32BB89E82AA2BA810095A649 /* InitialSetupViewModel.swift in Sources */ = {isa = PBXBuildFile; fileRef = 32BB89E72AA2BA810095A649 /* InitialSetupViewModel.swift */; };
		32BB89EA2AA2C5E90095A649 /* GenderSetupViewModel.swift in Sources */ = {isa = PBXBuildFile; fileRef = 32BB89E92AA2C5E90095A649 /* GenderSetupViewModel.swift */; };
		32BB89EC2AA2F2D10095A649 /* InterestedInViewModel.swift in Sources */ = {isa = PBXBuildFile; fileRef = 32BB89EB2AA2F2D10095A649 /* InterestedInViewModel.swift */; };
		32C4974A2AA46853000A660E /* StyledButton.swift in Sources */ = {isa = PBXBuildFile; fileRef = 32C497492AA46853000A660E /* StyledButton.swift */; };
		32C4974C2AA476B8000A660E /* SessionViewModel.swift in Sources */ = {isa = PBXBuildFile; fileRef = 32C4974B2AA476B8000A660E /* SessionViewModel.swift */; };
		32D538312A91F0A300DFC38D /* Verifiable.swift in Sources */ = {isa = PBXBuildFile; fileRef = 32D538302A91F0A300DFC38D /* Verifiable.swift */; };
		32D538332A91F1CC00DFC38D /* LookView.swift in Sources */ = {isa = PBXBuildFile; fileRef = 32D538322A91F1CC00DFC38D /* LookView.swift */; };
		32D538362A91F20100DFC38D /* GenderSetup.swift in Sources */ = {isa = PBXBuildFile; fileRef = 32D538352A91F20100DFC38D /* GenderSetup.swift */; };
		32D538382A91F21B00DFC38D /* DisabilityStatusSetupView.swift in Sources */ = {isa = PBXBuildFile; fileRef = 32D538372A91F21B00DFC38D /* DisabilityStatusSetupView.swift */; };
		32D5383A2A91F23D00DFC38D /* DatingPreferencesView.swift in Sources */ = {isa = PBXBuildFile; fileRef = 32D538392A91F23D00DFC38D /* DatingPreferencesView.swift */; };
		32D5383C2A91F25900DFC38D /* AbouteMeView.swift in Sources */ = {isa = PBXBuildFile; fileRef = 32D5383B2A91F25900DFC38D /* AbouteMeView.swift */; };
		32D538422A91F33C00DFC38D /* AccountSettings.swift in Sources */ = {isa = PBXBuildFile; fileRef = 32D538412A91F33C00DFC38D /* AccountSettings.swift */; };
		32D538442A91F37000DFC38D /* SettingsView.swift in Sources */ = {isa = PBXBuildFile; fileRef = 32D538432A91F37000DFC38D /* SettingsView.swift */; };
		32D538462A922A3800DFC38D /* BasicDetailsSetupView.swift in Sources */ = {isa = PBXBuildFile; fileRef = 32D538452A922A3800DFC38D /* BasicDetailsSetupView.swift */; };
		32E3FFD72AA6E9C300DF1B91 /* LookViewModel.swift in Sources */ = {isa = PBXBuildFile; fileRef = 32E3FFD62AA6E9C300DF1B91 /* LookViewModel.swift */; };
		32E3FFD92AA73F3E00DF1B91 /* UpdateDisabilityDetailsView.swift in Sources */ = {isa = PBXBuildFile; fileRef = 32E3FFD82AA73F3E00DF1B91 /* UpdateDisabilityDetailsView.swift */; };
		32E3FFDB2AA73FC900DF1B91 /* UpdateDisabilityDetailsViewModel.swift in Sources */ = {isa = PBXBuildFile; fileRef = 32E3FFDA2AA73FC900DF1B91 /* UpdateDisabilityDetailsViewModel.swift */; };
		32F250F32A90D2C10084424B /* AdvancediOS_SouldDates_Ass1App.swift in Sources */ = {isa = PBXBuildFile; fileRef = 32F250F22A90D2C10084424B /* AdvancediOS_SouldDates_Ass1App.swift */; };
		32F250F52A90D2C10084424B /* ContentView.swift in Sources */ = {isa = PBXBuildFile; fileRef = 32F250F42A90D2C10084424B /* ContentView.swift */; };
		32F250F72A90D2C20084424B /* Assets.xcassets in Resources */ = {isa = PBXBuildFile; fileRef = 32F250F62A90D2C20084424B /* Assets.xcassets */; };
		32F250FA2A90D2C20084424B /* Preview Assets.xcassets in Resources */ = {isa = PBXBuildFile; fileRef = 32F250F92A90D2C20084424B /* Preview Assets.xcassets */; };
		32F251042A90D2C20084424B /* AdvancediOS_SouldDates_Ass1Tests.swift in Sources */ = {isa = PBXBuildFile; fileRef = 32F251032A90D2C20084424B /* AdvancediOS_SouldDates_Ass1Tests.swift */; };
		32F2510E2A90D2C20084424B /* AdvancediOS_SouldDates_Ass1UITests.swift in Sources */ = {isa = PBXBuildFile; fileRef = 32F2510D2A90D2C20084424B /* AdvancediOS_SouldDates_Ass1UITests.swift */; };
		32F251102A90D2C20084424B /* AdvancediOS_SouldDates_Ass1UITestsLaunchTests.swift in Sources */ = {isa = PBXBuildFile; fileRef = 32F2510F2A90D2C20084424B /* AdvancediOS_SouldDates_Ass1UITestsLaunchTests.swift */; };
		32F2511D2A90D5390084424B /* WelcomeView.swift in Sources */ = {isa = PBXBuildFile; fileRef = 32F2511C2A90D5390084424B /* WelcomeView.swift */; };
		32F2511F2A90DE800084424B /* ProfileView.swift in Sources */ = {isa = PBXBuildFile; fileRef = 32F2511E2A90DE800084424B /* ProfileView.swift */; };
		32F519152A9EEDBB005DA063 /* Persons.swift in Sources */ = {isa = PBXBuildFile; fileRef = 32F519142A9EEDBB005DA063 /* Persons.swift */; };
		32F519172A9EEEB6005DA063 /* BackgroundCheck.swift in Sources */ = {isa = PBXBuildFile; fileRef = 32F519162A9EEEB6005DA063 /* BackgroundCheck.swift */; };
		32F519192A9F1282005DA063 /* MatchSeekerRow.swift in Sources */ = {isa = PBXBuildFile; fileRef = 32F519182A9F1282005DA063 /* MatchSeekerRow.swift */; };
		32F5191B2A9F1317005DA063 /* SoulDatesSampleData.swift in Sources */ = {isa = PBXBuildFile; fileRef = 32F5191A2A9F1317005DA063 /* SoulDatesSampleData.swift */; };
		32F5191F2A9F487A005DA063 /* SoulDatesMain.swift in Sources */ = {isa = PBXBuildFile; fileRef = 32F5191E2A9F487A005DA063 /* SoulDatesMain.swift */; };
		32F519222AA07547005DA063 /* DateManager.swift in Sources */ = {isa = PBXBuildFile; fileRef = 32F519212AA07547005DA063 /* DateManager.swift */; };
/* End PBXBuildFile section */

/* Begin PBXContainerItemProxy section */
		32F251002A90D2C20084424B /* PBXContainerItemProxy */ = {
			isa = PBXContainerItemProxy;
			containerPortal = 32F250E72A90D2C10084424B /* Project object */;
			proxyType = 1;
			remoteGlobalIDString = 32F250EE2A90D2C10084424B;
			remoteInfo = AdvancediOS_SouldDates_Ass1;
		};
		32F2510A2A90D2C20084424B /* PBXContainerItemProxy */ = {
			isa = PBXContainerItemProxy;
			containerPortal = 32F250E72A90D2C10084424B /* Project object */;
			proxyType = 1;
			remoteGlobalIDString = 32F250EE2A90D2C10084424B;
			remoteInfo = AdvancediOS_SouldDates_Ass1;
		};
/* End PBXContainerItemProxy section */

/* Begin PBXFileReference section */
		321E518C2AA56E5E00513CA9 /* ProfileViewModel.swift */ = {isa = PBXFileReference; lastKnownFileType = sourcecode.swift; path = ProfileViewModel.swift; sourceTree = "<group>"; };
		321E518F2AA57ED300513CA9 /* MatchSeeker.swift */ = {isa = PBXFileReference; lastKnownFileType = sourcecode.swift; path = MatchSeeker.swift; sourceTree = "<group>"; };
		321E51932AA5867600513CA9 /* UpdateProfileView.swift */ = {isa = PBXFileReference; lastKnownFileType = sourcecode.swift; path = UpdateProfileView.swift; sourceTree = "<group>"; };
		321E51952AA588D700513CA9 /* UpdateProfileViewModel.swift */ = {isa = PBXFileReference; lastKnownFileType = sourcecode.swift; path = UpdateProfileViewModel.swift; sourceTree = "<group>"; };
		3224AD9C2AA5379300F37D2A /* InSessionTabView.swift */ = {isa = PBXFileReference; lastKnownFileType = sourcecode.swift; path = InSessionTabView.swift; sourceTree = "<group>"; };
		3250E6D72AABE2A700666581 /* UpdateProofOfAgeView.swift */ = {isa = PBXFileReference; lastKnownFileType = sourcecode.swift; path = UpdateProofOfAgeView.swift; sourceTree = "<group>"; };
		3250E6D92AABE2D500666581 /* UpdateProofOfAgeViewModel.swift */ = {isa = PBXFileReference; lastKnownFileType = sourcecode.swift; path = UpdateProofOfAgeViewModel.swift; sourceTree = "<group>"; };
		3250E6DB2AABFE1F00666581 /* UpdateRefereeCheckView.swift */ = {isa = PBXFileReference; lastKnownFileType = sourcecode.swift; path = UpdateRefereeCheckView.swift; sourceTree = "<group>"; };
		3250E6DE2AABFE8700666581 /* UpdateRefereeCheckViewModel.swift */ = {isa = PBXFileReference; lastKnownFileType = sourcecode.swift; path = UpdateRefereeCheckViewModel.swift; sourceTree = "<group>"; };
		3250E6E02AAE7E7A00666581 /* DreamListView.swift */ = {isa = PBXFileReference; lastKnownFileType = sourcecode.swift; path = DreamListView.swift; sourceTree = "<group>"; };
		3250E6E22AAFC08700666581 /* ProfileImageView.swift */ = {isa = PBXFileReference; lastKnownFileType = sourcecode.swift; path = ProfileImageView.swift; sourceTree = "<group>"; };
		3250E6E42AB032F600666581 /* SessionStorageManager.swift */ = {isa = PBXFileReference; lastKnownFileType = sourcecode.swift; path = SessionStorageManager.swift; sourceTree = "<group>"; };
		3277DDAE2AB1C043005B5471 /* BackgroundCheckStatusView.swift */ = {isa = PBXFileReference; lastKnownFileType = sourcecode.swift; path = BackgroundCheckStatusView.swift; sourceTree = "<group>"; };
		3277DDB02AB527D3005B5471 /* Dateable.swift */ = {isa = PBXFileReference; lastKnownFileType = sourcecode.swift; path = Dateable.swift; sourceTree = "<group>"; };
		329D8DCC2AAAF0C100F3CA89 /* DatingPreference.swift */ = {isa = PBXFileReference; lastKnownFileType = sourcecode.swift; path = DatingPreference.swift; sourceTree = "<group>"; };
		329D8DCE2AAAF68300F3CA89 /* UpdateDatingPreferencesView.swift */ = {isa = PBXFileReference; lastKnownFileType = sourcecode.swift; path = UpdateDatingPreferencesView.swift; sourceTree = "<group>"; };
		329D8DD02AAAF6D200F3CA89 /* UpdateDatingPreferencesViewModel.swift */ = {isa = PBXFileReference; lastKnownFileType = sourcecode.swift; path = UpdateDatingPreferencesViewModel.swift; sourceTree = "<group>"; };
		32B174672AABAED00007BA5A /* UpdateBackgroundCheckView.swift */ = {isa = PBXFileReference; lastKnownFileType = sourcecode.swift; path = UpdateBackgroundCheckView.swift; sourceTree = "<group>"; };
		32B1746A2AABAF6E0007BA5A /* UpdatePoliceCheckView.swift */ = {isa = PBXFileReference; lastKnownFileType = sourcecode.swift; path = UpdatePoliceCheckView.swift; sourceTree = "<group>"; };
		32B1746C2AABAF970007BA5A /* UpdatePoliceCheckViewModel.swift */ = {isa = PBXFileReference; lastKnownFileType = sourcecode.swift; path = UpdatePoliceCheckViewModel.swift; sourceTree = "<group>"; };
		32B66C532AA9578700FF139D /* Disability.swift */ = {isa = PBXFileReference; lastKnownFileType = sourcecode.swift; path = Disability.swift; sourceTree = "<group>"; };
		32BB89E02AA1B9E30095A649 /* ProfileTests.swift */ = {isa = PBXFileReference; lastKnownFileType = sourcecode.swift; path = ProfileTests.swift; sourceTree = "<group>"; };
		32BB89E22AA29F780095A649 /* InterestedInSetupView.swift */ = {isa = PBXFileReference; lastKnownFileType = sourcecode.swift; path = InterestedInSetupView.swift; sourceTree = "<group>"; };
		32BB89E42AA2B1FF0095A649 /* DisabilityDetailsSetupView.swift */ = {isa = PBXFileReference; lastKnownFileType = sourcecode.swift; path = DisabilityDetailsSetupView.swift; sourceTree = "<group>"; };
		32BB89E72AA2BA810095A649 /* InitialSetupViewModel.swift */ = {isa = PBXFileReference; lastKnownFileType = sourcecode.swift; path = InitialSetupViewModel.swift; sourceTree = "<group>"; };
		32BB89E92AA2C5E90095A649 /* GenderSetupViewModel.swift */ = {isa = PBXFileReference; lastKnownFileType = sourcecode.swift; path = GenderSetupViewModel.swift; sourceTree = "<group>"; };
		32BB89EB2AA2F2D10095A649 /* InterestedInViewModel.swift */ = {isa = PBXFileReference; lastKnownFileType = sourcecode.swift; path = InterestedInViewModel.swift; sourceTree = "<group>"; };
		32C497492AA46853000A660E /* StyledButton.swift */ = {isa = PBXFileReference; lastKnownFileType = sourcecode.swift; path = StyledButton.swift; sourceTree = "<group>"; };
		32C4974B2AA476B8000A660E /* SessionViewModel.swift */ = {isa = PBXFileReference; lastKnownFileType = sourcecode.swift; path = SessionViewModel.swift; sourceTree = "<group>"; };
		32D538302A91F0A300DFC38D /* Verifiable.swift */ = {isa = PBXFileReference; lastKnownFileType = sourcecode.swift; path = Verifiable.swift; sourceTree = "<group>"; };
		32D538322A91F1CC00DFC38D /* LookView.swift */ = {isa = PBXFileReference; lastKnownFileType = sourcecode.swift; path = LookView.swift; sourceTree = "<group>"; };
		32D538352A91F20100DFC38D /* GenderSetup.swift */ = {isa = PBXFileReference; lastKnownFileType = sourcecode.swift; path = GenderSetup.swift; sourceTree = "<group>"; };
		32D538372A91F21B00DFC38D /* DisabilityStatusSetupView.swift */ = {isa = PBXFileReference; lastKnownFileType = sourcecode.swift; path = DisabilityStatusSetupView.swift; sourceTree = "<group>"; };
		32D538392A91F23D00DFC38D /* DatingPreferencesView.swift */ = {isa = PBXFileReference; lastKnownFileType = sourcecode.swift; path = DatingPreferencesView.swift; sourceTree = "<group>"; };
		32D5383B2A91F25900DFC38D /* AbouteMeView.swift */ = {isa = PBXFileReference; lastKnownFileType = sourcecode.swift; path = AbouteMeView.swift; sourceTree = "<group>"; };
		32D538412A91F33C00DFC38D /* AccountSettings.swift */ = {isa = PBXFileReference; lastKnownFileType = sourcecode.swift; path = AccountSettings.swift; sourceTree = "<group>"; };
		32D538432A91F37000DFC38D /* SettingsView.swift */ = {isa = PBXFileReference; lastKnownFileType = sourcecode.swift; path = SettingsView.swift; sourceTree = "<group>"; };
		32D538452A922A3800DFC38D /* BasicDetailsSetupView.swift */ = {isa = PBXFileReference; lastKnownFileType = sourcecode.swift; path = BasicDetailsSetupView.swift; sourceTree = "<group>"; };
		32E3FFD62AA6E9C300DF1B91 /* LookViewModel.swift */ = {isa = PBXFileReference; lastKnownFileType = sourcecode.swift; path = LookViewModel.swift; sourceTree = "<group>"; };
		32E3FFD82AA73F3E00DF1B91 /* UpdateDisabilityDetailsView.swift */ = {isa = PBXFileReference; lastKnownFileType = sourcecode.swift; path = UpdateDisabilityDetailsView.swift; sourceTree = "<group>"; };
		32E3FFDA2AA73FC900DF1B91 /* UpdateDisabilityDetailsViewModel.swift */ = {isa = PBXFileReference; lastKnownFileType = sourcecode.swift; path = UpdateDisabilityDetailsViewModel.swift; sourceTree = "<group>"; };
		32F250EF2A90D2C10084424B /* AdvancediOS_SouldDates_Ass1.app */ = {isa = PBXFileReference; explicitFileType = wrapper.application; includeInIndex = 0; path = AdvancediOS_SouldDates_Ass1.app; sourceTree = BUILT_PRODUCTS_DIR; };
		32F250F22A90D2C10084424B /* AdvancediOS_SouldDates_Ass1App.swift */ = {isa = PBXFileReference; lastKnownFileType = sourcecode.swift; path = AdvancediOS_SouldDates_Ass1App.swift; sourceTree = "<group>"; };
		32F250F42A90D2C10084424B /* ContentView.swift */ = {isa = PBXFileReference; lastKnownFileType = sourcecode.swift; path = ContentView.swift; sourceTree = "<group>"; };
		32F250F62A90D2C20084424B /* Assets.xcassets */ = {isa = PBXFileReference; lastKnownFileType = folder.assetcatalog; path = Assets.xcassets; sourceTree = "<group>"; };
		32F250F92A90D2C20084424B /* Preview Assets.xcassets */ = {isa = PBXFileReference; lastKnownFileType = folder.assetcatalog; path = "Preview Assets.xcassets"; sourceTree = "<group>"; };
		32F250FF2A90D2C20084424B /* AdvancediOS_SouldDates_Ass1Tests.xctest */ = {isa = PBXFileReference; explicitFileType = wrapper.cfbundle; includeInIndex = 0; path = AdvancediOS_SouldDates_Ass1Tests.xctest; sourceTree = BUILT_PRODUCTS_DIR; };
		32F251032A90D2C20084424B /* AdvancediOS_SouldDates_Ass1Tests.swift */ = {isa = PBXFileReference; lastKnownFileType = sourcecode.swift; path = AdvancediOS_SouldDates_Ass1Tests.swift; sourceTree = "<group>"; };
		32F251092A90D2C20084424B /* AdvancediOS_SouldDates_Ass1UITests.xctest */ = {isa = PBXFileReference; explicitFileType = wrapper.cfbundle; includeInIndex = 0; path = AdvancediOS_SouldDates_Ass1UITests.xctest; sourceTree = BUILT_PRODUCTS_DIR; };
		32F2510D2A90D2C20084424B /* AdvancediOS_SouldDates_Ass1UITests.swift */ = {isa = PBXFileReference; lastKnownFileType = sourcecode.swift; path = AdvancediOS_SouldDates_Ass1UITests.swift; sourceTree = "<group>"; };
		32F2510F2A90D2C20084424B /* AdvancediOS_SouldDates_Ass1UITestsLaunchTests.swift */ = {isa = PBXFileReference; lastKnownFileType = sourcecode.swift; path = AdvancediOS_SouldDates_Ass1UITestsLaunchTests.swift; sourceTree = "<group>"; };
		32F2511C2A90D5390084424B /* WelcomeView.swift */ = {isa = PBXFileReference; lastKnownFileType = sourcecode.swift; path = WelcomeView.swift; sourceTree = "<group>"; };
		32F2511E2A90DE800084424B /* ProfileView.swift */ = {isa = PBXFileReference; lastKnownFileType = sourcecode.swift; path = ProfileView.swift; sourceTree = "<group>"; };
		32F519142A9EEDBB005DA063 /* Persons.swift */ = {isa = PBXFileReference; lastKnownFileType = sourcecode.swift; path = Persons.swift; sourceTree = "<group>"; };
		32F519162A9EEEB6005DA063 /* BackgroundCheck.swift */ = {isa = PBXFileReference; lastKnownFileType = sourcecode.swift; path = BackgroundCheck.swift; sourceTree = "<group>"; };
		32F519182A9F1282005DA063 /* MatchSeekerRow.swift */ = {isa = PBXFileReference; lastKnownFileType = sourcecode.swift; path = MatchSeekerRow.swift; sourceTree = "<group>"; };
		32F5191A2A9F1317005DA063 /* SoulDatesSampleData.swift */ = {isa = PBXFileReference; lastKnownFileType = sourcecode.swift; path = SoulDatesSampleData.swift; sourceTree = "<group>"; };
		32F5191E2A9F487A005DA063 /* SoulDatesMain.swift */ = {isa = PBXFileReference; lastKnownFileType = sourcecode.swift; path = SoulDatesMain.swift; sourceTree = "<group>"; };
		32F519212AA07547005DA063 /* DateManager.swift */ = {isa = PBXFileReference; lastKnownFileType = sourcecode.swift; path = DateManager.swift; sourceTree = "<group>"; };
/* End PBXFileReference section */

/* Begin PBXFrameworksBuildPhase section */
		32F250EC2A90D2C10084424B /* Frameworks */ = {
			isa = PBXFrameworksBuildPhase;
			buildActionMask = 2147483647;
			files = (
			);
			runOnlyForDeploymentPostprocessing = 0;
		};
		32F250FC2A90D2C20084424B /* Frameworks */ = {
			isa = PBXFrameworksBuildPhase;
			buildActionMask = 2147483647;
			files = (
			);
			runOnlyForDeploymentPostprocessing = 0;
		};
		32F251062A90D2C20084424B /* Frameworks */ = {
			isa = PBXFrameworksBuildPhase;
			buildActionMask = 2147483647;
			files = (
			);
			runOnlyForDeploymentPostprocessing = 0;
		};
/* End PBXFrameworksBuildPhase section */

/* Begin PBXGroup section */
		321E518E2AA57E1200513CA9 /* Settings */ = {
			isa = PBXGroup;
			children = (
				32B174692AABAF3C0007BA5A /* BackgroundChecks */,
				32D538432A91F37000DFC38D /* SettingsView.swift */,
				321E51932AA5867600513CA9 /* UpdateProfileView.swift */,
				32E3FFD82AA73F3E00DF1B91 /* UpdateDisabilityDetailsView.swift */,
				329D8DCE2AAAF68300F3CA89 /* UpdateDatingPreferencesView.swift */,
			);
			path = Settings;
			sourceTree = "<group>";
		};
		3250E6DD2AABFE3E00666581 /* Settings */ = {
			isa = PBXGroup;
			children = (
				3277DDB22AB537BF005B5471 /* BackgroundChecks */,
				32E3FFDA2AA73FC900DF1B91 /* UpdateDisabilityDetailsViewModel.swift */,
				329D8DD02AAAF6D200F3CA89 /* UpdateDatingPreferencesViewModel.swift */,
				321E51952AA588D700513CA9 /* UpdateProfileViewModel.swift */,
			);
			path = Settings;
			sourceTree = "<group>";
		};
		3277DDAD2AB1B690005B5471 /* ViewComponents */ = {
			isa = PBXGroup;
			children = (
				32F519182A9F1282005DA063 /* MatchSeekerRow.swift */,
				32C497492AA46853000A660E /* StyledButton.swift */,
				3250E6E22AAFC08700666581 /* ProfileImageView.swift */,
				3277DDAE2AB1C043005B5471 /* BackgroundCheckStatusView.swift */,
			);
			path = ViewComponents;
			sourceTree = "<group>";
		};
		3277DDB22AB537BF005B5471 /* BackgroundChecks */ = {
			isa = PBXGroup;
			children = (
				32B1746C2AABAF970007BA5A /* UpdatePoliceCheckViewModel.swift */,
				3250E6D92AABE2D500666581 /* UpdateProofOfAgeViewModel.swift */,
				3250E6DE2AABFE8700666581 /* UpdateRefereeCheckViewModel.swift */,
			);
			path = BackgroundChecks;
			sourceTree = "<group>";
		};
		32B174692AABAF3C0007BA5A /* BackgroundChecks */ = {
			isa = PBXGroup;
			children = (
				32B174672AABAED00007BA5A /* UpdateBackgroundCheckView.swift */,
				32B1746A2AABAF6E0007BA5A /* UpdatePoliceCheckView.swift */,
				3250E6D72AABE2A700666581 /* UpdateProofOfAgeView.swift */,
				3250E6DB2AABFE1F00666581 /* UpdateRefereeCheckView.swift */,
			);
			path = BackgroundChecks;
			sourceTree = "<group>";
		};
		32BB89E62AA2B9FA0095A649 /* ViewModels */ = {
			isa = PBXGroup;
			children = (
				3250E6DD2AABFE3E00666581 /* Settings */,
				32BB89E72AA2BA810095A649 /* InitialSetupViewModel.swift */,
				32BB89E92AA2C5E90095A649 /* GenderSetupViewModel.swift */,
				32BB89EB2AA2F2D10095A649 /* InterestedInViewModel.swift */,
				32C4974B2AA476B8000A660E /* SessionViewModel.swift */,
				321E518C2AA56E5E00513CA9 /* ProfileViewModel.swift */,
				32E3FFD62AA6E9C300DF1B91 /* LookViewModel.swift */,
				32F5191E2A9F487A005DA063 /* SoulDatesMain.swift */,
			);
			path = ViewModels;
			sourceTree = "<group>";
		};
		32D5382C2A91F04800DFC38D /* Models */ = {
			isa = PBXGroup;
			children = (
				32F519142A9EEDBB005DA063 /* Persons.swift */,
				32D538412A91F33C00DFC38D /* AccountSettings.swift */,
				32F519162A9EEEB6005DA063 /* BackgroundCheck.swift */,
				321E518F2AA57ED300513CA9 /* MatchSeeker.swift */,
				32B66C532AA9578700FF139D /* Disability.swift */,
				329D8DCC2AAAF0C100F3CA89 /* DatingPreference.swift */,
			);
			path = Models;
			sourceTree = "<group>";
		};
		32D5382D2A91F05800DFC38D /* Views */ = {
			isa = PBXGroup;
			children = (
				3277DDAD2AB1B690005B5471 /* ViewComponents */,
				32F250F42A90D2C10084424B /* ContentView.swift */,
				321E518E2AA57E1200513CA9 /* Settings */,
				32D538342A91F1D700DFC38D /* Initial Setup */,
				32F2511E2A90DE800084424B /* ProfileView.swift */,
				32D538322A91F1CC00DFC38D /* LookView.swift */,
				32F2511C2A90D5390084424B /* WelcomeView.swift */,
				3224AD9C2AA5379300F37D2A /* InSessionTabView.swift */,
				3250E6E02AAE7E7A00666581 /* DreamListView.swift */,
			);
			path = Views;
			sourceTree = "<group>";
		};
		32D5382F2A91F07C00DFC38D /* Protocols */ = {
			isa = PBXGroup;
			children = (
				32D538302A91F0A300DFC38D /* Verifiable.swift */,
				3277DDB02AB527D3005B5471 /* Dateable.swift */,
			);
			path = Protocols;
			sourceTree = "<group>";
		};
		32D538342A91F1D700DFC38D /* Initial Setup */ = {
			isa = PBXGroup;
			children = (
				32D538452A922A3800DFC38D /* BasicDetailsSetupView.swift */,
				32D538352A91F20100DFC38D /* GenderSetup.swift */,
				32BB89E22AA29F780095A649 /* InterestedInSetupView.swift */,
				32D538372A91F21B00DFC38D /* DisabilityStatusSetupView.swift */,
				32BB89E42AA2B1FF0095A649 /* DisabilityDetailsSetupView.swift */,
				32D538392A91F23D00DFC38D /* DatingPreferencesView.swift */,
				32D5383B2A91F25900DFC38D /* AbouteMeView.swift */,
			);
			path = "Initial Setup";
			sourceTree = "<group>";
		};
		32F250E62A90D2C10084424B = {
			isa = PBXGroup;
			children = (
				32F250F12A90D2C10084424B /* AdvancediOS_SouldDates_Ass1 */,
				32F251022A90D2C20084424B /* AdvancediOS_SouldDates_Ass1Tests */,
				32F2510C2A90D2C20084424B /* AdvancediOS_SouldDates_Ass1UITests */,
				32F250F02A90D2C10084424B /* Products */,
			);
			sourceTree = "<group>";
		};
		32F250F02A90D2C10084424B /* Products */ = {
			isa = PBXGroup;
			children = (
				32F250EF2A90D2C10084424B /* AdvancediOS_SouldDates_Ass1.app */,
				32F250FF2A90D2C20084424B /* AdvancediOS_SouldDates_Ass1Tests.xctest */,
				32F251092A90D2C20084424B /* AdvancediOS_SouldDates_Ass1UITests.xctest */,
			);
			name = Products;
			sourceTree = "<group>";
		};
		32F250F12A90D2C10084424B /* AdvancediOS_SouldDates_Ass1 */ = {
			isa = PBXGroup;
			children = (
				32BB89E62AA2B9FA0095A649 /* ViewModels */,
				32F519202AA0752A005DA063 /* Extensions */,
				32F5191A2A9F1317005DA063 /* SoulDatesSampleData.swift */,
				32F250F22A90D2C10084424B /* AdvancediOS_SouldDates_Ass1App.swift */,
				32D5382F2A91F07C00DFC38D /* Protocols */,
				32D5382D2A91F05800DFC38D /* Views */,
				32D5382C2A91F04800DFC38D /* Models */,
				32F250F62A90D2C20084424B /* Assets.xcassets */,
				32F250F82A90D2C20084424B /* Preview Content */,
			);
			path = AdvancediOS_SouldDates_Ass1;
			sourceTree = "<group>";
		};
		32F250F82A90D2C20084424B /* Preview Content */ = {
			isa = PBXGroup;
			children = (
				32F250F92A90D2C20084424B /* Preview Assets.xcassets */,
			);
			path = "Preview Content";
			sourceTree = "<group>";
		};
		32F251022A90D2C20084424B /* AdvancediOS_SouldDates_Ass1Tests */ = {
			isa = PBXGroup;
			children = (
				32F251032A90D2C20084424B /* AdvancediOS_SouldDates_Ass1Tests.swift */,
				32BB89E02AA1B9E30095A649 /* ProfileTests.swift */,
			);
			path = AdvancediOS_SouldDates_Ass1Tests;
			sourceTree = "<group>";
		};
		32F2510C2A90D2C20084424B /* AdvancediOS_SouldDates_Ass1UITests */ = {
			isa = PBXGroup;
			children = (
				32F2510D2A90D2C20084424B /* AdvancediOS_SouldDates_Ass1UITests.swift */,
				32F2510F2A90D2C20084424B /* AdvancediOS_SouldDates_Ass1UITestsLaunchTests.swift */,
			);
			path = AdvancediOS_SouldDates_Ass1UITests;
			sourceTree = "<group>";
		};
		32F519202AA0752A005DA063 /* Extensions */ = {
			isa = PBXGroup;
			children = (
				32F519212AA07547005DA063 /* DateManager.swift */,
				3250E6E42AB032F600666581 /* SessionStorageManager.swift */,
			);
			path = Extensions;
			sourceTree = "<group>";
		};
/* End PBXGroup section */

/* Begin PBXNativeTarget section */
		32F250EE2A90D2C10084424B /* AdvancediOS_SouldDates_Ass1 */ = {
			isa = PBXNativeTarget;
			buildConfigurationList = 32F251132A90D2C20084424B /* Build configuration list for PBXNativeTarget "AdvancediOS_SouldDates_Ass1" */;
			buildPhases = (
				32F250EB2A90D2C10084424B /* Sources */,
				32F250EC2A90D2C10084424B /* Frameworks */,
				32F250ED2A90D2C10084424B /* Resources */,
			);
			buildRules = (
			);
			dependencies = (
			);
			name = AdvancediOS_SouldDates_Ass1;
			productName = AdvancediOS_SouldDates_Ass1;
			productReference = 32F250EF2A90D2C10084424B /* AdvancediOS_SouldDates_Ass1.app */;
			productType = "com.apple.product-type.application";
		};
		32F250FE2A90D2C20084424B /* AdvancediOS_SouldDates_Ass1Tests */ = {
			isa = PBXNativeTarget;
			buildConfigurationList = 32F251162A90D2C20084424B /* Build configuration list for PBXNativeTarget "AdvancediOS_SouldDates_Ass1Tests" */;
			buildPhases = (
				32F250FB2A90D2C20084424B /* Sources */,
				32F250FC2A90D2C20084424B /* Frameworks */,
				32F250FD2A90D2C20084424B /* Resources */,
			);
			buildRules = (
			);
			dependencies = (
				32F251012A90D2C20084424B /* PBXTargetDependency */,
			);
			name = AdvancediOS_SouldDates_Ass1Tests;
			productName = AdvancediOS_SouldDates_Ass1Tests;
			productReference = 32F250FF2A90D2C20084424B /* AdvancediOS_SouldDates_Ass1Tests.xctest */;
			productType = "com.apple.product-type.bundle.unit-test";
		};
		32F251082A90D2C20084424B /* AdvancediOS_SouldDates_Ass1UITests */ = {
			isa = PBXNativeTarget;
			buildConfigurationList = 32F251192A90D2C20084424B /* Build configuration list for PBXNativeTarget "AdvancediOS_SouldDates_Ass1UITests" */;
			buildPhases = (
				32F251052A90D2C20084424B /* Sources */,
				32F251062A90D2C20084424B /* Frameworks */,
				32F251072A90D2C20084424B /* Resources */,
			);
			buildRules = (
			);
			dependencies = (
				32F2510B2A90D2C20084424B /* PBXTargetDependency */,
			);
			name = AdvancediOS_SouldDates_Ass1UITests;
			productName = AdvancediOS_SouldDates_Ass1UITests;
			productReference = 32F251092A90D2C20084424B /* AdvancediOS_SouldDates_Ass1UITests.xctest */;
			productType = "com.apple.product-type.bundle.ui-testing";
		};
/* End PBXNativeTarget section */

/* Begin PBXProject section */
		32F250E72A90D2C10084424B /* Project object */ = {
			isa = PBXProject;
			attributes = {
				BuildIndependentTargetsInParallel = 1;
				LastSwiftUpdateCheck = 1430;
				LastUpgradeCheck = 1430;
				TargetAttributes = {
					32F250EE2A90D2C10084424B = {
						CreatedOnToolsVersion = 14.3.1;
					};
					32F250FE2A90D2C20084424B = {
						CreatedOnToolsVersion = 14.3.1;
						TestTargetID = 32F250EE2A90D2C10084424B;
					};
					32F251082A90D2C20084424B = {
						CreatedOnToolsVersion = 14.3.1;
						TestTargetID = 32F250EE2A90D2C10084424B;
					};
				};
			};
			buildConfigurationList = 32F250EA2A90D2C10084424B /* Build configuration list for PBXProject "AdvancediOS_SouldDates_Ass1" */;
			compatibilityVersion = "Xcode 14.0";
			developmentRegion = en;
			hasScannedForEncodings = 0;
			knownRegions = (
				en,
				Base,
			);
			mainGroup = 32F250E62A90D2C10084424B;
			productRefGroup = 32F250F02A90D2C10084424B /* Products */;
			projectDirPath = "";
			projectRoot = "";
			targets = (
				32F250EE2A90D2C10084424B /* AdvancediOS_SouldDates_Ass1 */,
				32F250FE2A90D2C20084424B /* AdvancediOS_SouldDates_Ass1Tests */,
				32F251082A90D2C20084424B /* AdvancediOS_SouldDates_Ass1UITests */,
			);
		};
/* End PBXProject section */

/* Begin PBXResourcesBuildPhase section */
		32F250ED2A90D2C10084424B /* Resources */ = {
			isa = PBXResourcesBuildPhase;
			buildActionMask = 2147483647;
			files = (
				32F250FA2A90D2C20084424B /* Preview Assets.xcassets in Resources */,
				32F250F72A90D2C20084424B /* Assets.xcassets in Resources */,
			);
			runOnlyForDeploymentPostprocessing = 0;
		};
		32F250FD2A90D2C20084424B /* Resources */ = {
			isa = PBXResourcesBuildPhase;
			buildActionMask = 2147483647;
			files = (
			);
			runOnlyForDeploymentPostprocessing = 0;
		};
		32F251072A90D2C20084424B /* Resources */ = {
			isa = PBXResourcesBuildPhase;
			buildActionMask = 2147483647;
			files = (
			);
			runOnlyForDeploymentPostprocessing = 0;
		};
/* End PBXResourcesBuildPhase section */

/* Begin PBXSourcesBuildPhase section */
		32F250EB2A90D2C10084424B /* Sources */ = {
			isa = PBXSourcesBuildPhase;
			buildActionMask = 2147483647;
			files = (
				3250E6E32AAFC08700666581 /* ProfileImageView.swift in Sources */,
				32BB89EA2AA2C5E90095A649 /* GenderSetupViewModel.swift in Sources */,
				32BB89E32AA29F780095A649 /* InterestedInSetupView.swift in Sources */,
				32BB89E52AA2B1FF0095A649 /* DisabilityDetailsSetupView.swift in Sources */,
				3250E6E12AAE7E7A00666581 /* DreamListView.swift in Sources */,
				3250E6E52AB032F600666581 /* SessionStorageManager.swift in Sources */,
				32F2511F2A90DE800084424B /* ProfileView.swift in Sources */,
				32E3FFD72AA6E9C300DF1B91 /* LookViewModel.swift in Sources */,
				32BB89EC2AA2F2D10095A649 /* InterestedInViewModel.swift in Sources */,
				3277DDB12AB527D3005B5471 /* Dateable.swift in Sources */,
				32E3FFDB2AA73FC900DF1B91 /* UpdateDisabilityDetailsViewModel.swift in Sources */,
				3250E6D82AABE2A700666581 /* UpdateProofOfAgeView.swift in Sources */,
				3224AD9D2AA5379300F37D2A /* InSessionTabView.swift in Sources */,
				32C4974A2AA46853000A660E /* StyledButton.swift in Sources */,
				3277DDAF2AB1C043005B5471 /* BackgroundCheckStatusView.swift in Sources */,
				32F519152A9EEDBB005DA063 /* Persons.swift in Sources */,
				32F250F52A90D2C10084424B /* ContentView.swift in Sources */,
				32D5383C2A91F25900DFC38D /* AbouteMeView.swift in Sources */,
				32D538312A91F0A300DFC38D /* Verifiable.swift in Sources */,
				321E51942AA5867600513CA9 /* UpdateProfileView.swift in Sources */,
				32F519222AA07547005DA063 /* DateManager.swift in Sources */,
				32B1746D2AABAF970007BA5A /* UpdatePoliceCheckViewModel.swift in Sources */,
				32F5191F2A9F487A005DA063 /* SoulDatesMain.swift in Sources */,
				3250E6DF2AABFE8700666581 /* UpdateRefereeCheckViewModel.swift in Sources */,
				32B66C542AA9578700FF139D /* Disability.swift in Sources */,
				32F519192A9F1282005DA063 /* MatchSeekerRow.swift in Sources */,
				32B1746B2AABAF6E0007BA5A /* UpdatePoliceCheckView.swift in Sources */,
				32F519172A9EEEB6005DA063 /* BackgroundCheck.swift in Sources */,
				32F2511D2A90D5390084424B /* WelcomeView.swift in Sources */,
				32D538442A91F37000DFC38D /* SettingsView.swift in Sources */,
				3250E6DA2AABE2D500666581 /* UpdateProofOfAgeViewModel.swift in Sources */,
				32F5191B2A9F1317005DA063 /* SoulDatesSampleData.swift in Sources */,
				32D5383A2A91F23D00DFC38D /* DatingPreferencesView.swift in Sources */,
				329D8DD12AAAF6D200F3CA89 /* UpdateDatingPreferencesViewModel.swift in Sources */,
				32D538362A91F20100DFC38D /* GenderSetup.swift in Sources */,
				32F250F32A90D2C10084424B /* AdvancediOS_SouldDates_Ass1App.swift in Sources */,
				321E51962AA588D700513CA9 /* UpdateProfileViewModel.swift in Sources */,
				32D538422A91F33C00DFC38D /* AccountSettings.swift in Sources */,
				321E51902AA57ED300513CA9 /* MatchSeeker.swift in Sources */,
				32B174682AABAED00007BA5A /* UpdateBackgroundCheckView.swift in Sources */,
				321E518D2AA56E5E00513CA9 /* ProfileViewModel.swift in Sources */,
				329D8DCD2AAAF0C100F3CA89 /* DatingPreference.swift in Sources */,
				329D8DCF2AAAF68300F3CA89 /* UpdateDatingPreferencesView.swift in Sources */,
				32D538382A91F21B00DFC38D /* DisabilityStatusSetupView.swift in Sources */,
				32BB89E82AA2BA810095A649 /* InitialSetupViewModel.swift in Sources */,
				32C4974C2AA476B8000A660E /* SessionViewModel.swift in Sources */,
				32D538462A922A3800DFC38D /* BasicDetailsSetupView.swift in Sources */,
				3250E6DC2AABFE1F00666581 /* UpdateRefereeCheckView.swift in Sources */,
				32E3FFD92AA73F3E00DF1B91 /* UpdateDisabilityDetailsView.swift in Sources */,
				32D538332A91F1CC00DFC38D /* LookView.swift in Sources */,
			);
			runOnlyForDeploymentPostprocessing = 0;
		};
		32F250FB2A90D2C20084424B /* Sources */ = {
			isa = PBXSourcesBuildPhase;
			buildActionMask = 2147483647;
			files = (
				32F251042A90D2C20084424B /* AdvancediOS_SouldDates_Ass1Tests.swift in Sources */,
				32BB89E12AA1B9E30095A649 /* ProfileTests.swift in Sources */,
			);
			runOnlyForDeploymentPostprocessing = 0;
		};
		32F251052A90D2C20084424B /* Sources */ = {
			isa = PBXSourcesBuildPhase;
			buildActionMask = 2147483647;
			files = (
				32F251102A90D2C20084424B /* AdvancediOS_SouldDates_Ass1UITestsLaunchTests.swift in Sources */,
				32F2510E2A90D2C20084424B /* AdvancediOS_SouldDates_Ass1UITests.swift in Sources */,
			);
			runOnlyForDeploymentPostprocessing = 0;
		};
/* End PBXSourcesBuildPhase section */

/* Begin PBXTargetDependency section */
		32F251012A90D2C20084424B /* PBXTargetDependency */ = {
			isa = PBXTargetDependency;
			target = 32F250EE2A90D2C10084424B /* AdvancediOS_SouldDates_Ass1 */;
			targetProxy = 32F251002A90D2C20084424B /* PBXContainerItemProxy */;
		};
		32F2510B2A90D2C20084424B /* PBXTargetDependency */ = {
			isa = PBXTargetDependency;
			target = 32F250EE2A90D2C10084424B /* AdvancediOS_SouldDates_Ass1 */;
			targetProxy = 32F2510A2A90D2C20084424B /* PBXContainerItemProxy */;
		};
/* End PBXTargetDependency section */

/* Begin XCBuildConfiguration section */
		32F251112A90D2C20084424B /* Debug */ = {
			isa = XCBuildConfiguration;
			buildSettings = {
				ALWAYS_SEARCH_USER_PATHS = NO;
				CLANG_ANALYZER_NONNULL = YES;
				CLANG_ANALYZER_NUMBER_OBJECT_CONVERSION = YES_AGGRESSIVE;
				CLANG_CXX_LANGUAGE_STANDARD = "gnu++20";
				CLANG_ENABLE_MODULES = YES;
				CLANG_ENABLE_OBJC_ARC = YES;
				CLANG_ENABLE_OBJC_WEAK = YES;
				CLANG_WARN_BLOCK_CAPTURE_AUTORELEASING = YES;
				CLANG_WARN_BOOL_CONVERSION = YES;
				CLANG_WARN_COMMA = YES;
				CLANG_WARN_CONSTANT_CONVERSION = YES;
				CLANG_WARN_DEPRECATED_OBJC_IMPLEMENTATIONS = YES;
				CLANG_WARN_DIRECT_OBJC_ISA_USAGE = YES_ERROR;
				CLANG_WARN_DOCUMENTATION_COMMENTS = YES;
				CLANG_WARN_EMPTY_BODY = YES;
				CLANG_WARN_ENUM_CONVERSION = YES;
				CLANG_WARN_INFINITE_RECURSION = YES;
				CLANG_WARN_INT_CONVERSION = YES;
				CLANG_WARN_NON_LITERAL_NULL_CONVERSION = YES;
				CLANG_WARN_OBJC_IMPLICIT_RETAIN_SELF = YES;
				CLANG_WARN_OBJC_LITERAL_CONVERSION = YES;
				CLANG_WARN_OBJC_ROOT_CLASS = YES_ERROR;
				CLANG_WARN_QUOTED_INCLUDE_IN_FRAMEWORK_HEADER = YES;
				CLANG_WARN_RANGE_LOOP_ANALYSIS = YES;
				CLANG_WARN_STRICT_PROTOTYPES = YES;
				CLANG_WARN_SUSPICIOUS_MOVE = YES;
				CLANG_WARN_UNGUARDED_AVAILABILITY = YES_AGGRESSIVE;
				CLANG_WARN_UNREACHABLE_CODE = YES;
				CLANG_WARN__DUPLICATE_METHOD_MATCH = YES;
				COPY_PHASE_STRIP = NO;
				DEBUG_INFORMATION_FORMAT = dwarf;
				ENABLE_STRICT_OBJC_MSGSEND = YES;
				ENABLE_TESTABILITY = YES;
				GCC_C_LANGUAGE_STANDARD = gnu11;
				GCC_DYNAMIC_NO_PIC = NO;
				GCC_NO_COMMON_BLOCKS = YES;
				GCC_OPTIMIZATION_LEVEL = 0;
				GCC_PREPROCESSOR_DEFINITIONS = (
					"DEBUG=1",
					"$(inherited)",
				);
				GCC_WARN_64_TO_32_BIT_CONVERSION = YES;
				GCC_WARN_ABOUT_RETURN_TYPE = YES_ERROR;
				GCC_WARN_UNDECLARED_SELECTOR = YES;
				GCC_WARN_UNINITIALIZED_AUTOS = YES_AGGRESSIVE;
				GCC_WARN_UNUSED_FUNCTION = YES;
				GCC_WARN_UNUSED_VARIABLE = YES;
				IPHONEOS_DEPLOYMENT_TARGET = 16.4;
				MTL_ENABLE_DEBUG_INFO = INCLUDE_SOURCE;
				MTL_FAST_MATH = YES;
				ONLY_ACTIVE_ARCH = YES;
				SDKROOT = iphoneos;
				SWIFT_ACTIVE_COMPILATION_CONDITIONS = DEBUG;
				SWIFT_OPTIMIZATION_LEVEL = "-Onone";
			};
			name = Debug;
		};
		32F251122A90D2C20084424B /* Release */ = {
			isa = XCBuildConfiguration;
			buildSettings = {
				ALWAYS_SEARCH_USER_PATHS = NO;
				CLANG_ANALYZER_NONNULL = YES;
				CLANG_ANALYZER_NUMBER_OBJECT_CONVERSION = YES_AGGRESSIVE;
				CLANG_CXX_LANGUAGE_STANDARD = "gnu++20";
				CLANG_ENABLE_MODULES = YES;
				CLANG_ENABLE_OBJC_ARC = YES;
				CLANG_ENABLE_OBJC_WEAK = YES;
				CLANG_WARN_BLOCK_CAPTURE_AUTORELEASING = YES;
				CLANG_WARN_BOOL_CONVERSION = YES;
				CLANG_WARN_COMMA = YES;
				CLANG_WARN_CONSTANT_CONVERSION = YES;
				CLANG_WARN_DEPRECATED_OBJC_IMPLEMENTATIONS = YES;
				CLANG_WARN_DIRECT_OBJC_ISA_USAGE = YES_ERROR;
				CLANG_WARN_DOCUMENTATION_COMMENTS = YES;
				CLANG_WARN_EMPTY_BODY = YES;
				CLANG_WARN_ENUM_CONVERSION = YES;
				CLANG_WARN_INFINITE_RECURSION = YES;
				CLANG_WARN_INT_CONVERSION = YES;
				CLANG_WARN_NON_LITERAL_NULL_CONVERSION = YES;
				CLANG_WARN_OBJC_IMPLICIT_RETAIN_SELF = YES;
				CLANG_WARN_OBJC_LITERAL_CONVERSION = YES;
				CLANG_WARN_OBJC_ROOT_CLASS = YES_ERROR;
				CLANG_WARN_QUOTED_INCLUDE_IN_FRAMEWORK_HEADER = YES;
				CLANG_WARN_RANGE_LOOP_ANALYSIS = YES;
				CLANG_WARN_STRICT_PROTOTYPES = YES;
				CLANG_WARN_SUSPICIOUS_MOVE = YES;
				CLANG_WARN_UNGUARDED_AVAILABILITY = YES_AGGRESSIVE;
				CLANG_WARN_UNREACHABLE_CODE = YES;
				CLANG_WARN__DUPLICATE_METHOD_MATCH = YES;
				COPY_PHASE_STRIP = NO;
				DEBUG_INFORMATION_FORMAT = "dwarf-with-dsym";
				ENABLE_NS_ASSERTIONS = NO;
				ENABLE_STRICT_OBJC_MSGSEND = YES;
				GCC_C_LANGUAGE_STANDARD = gnu11;
				GCC_NO_COMMON_BLOCKS = YES;
				GCC_WARN_64_TO_32_BIT_CONVERSION = YES;
				GCC_WARN_ABOUT_RETURN_TYPE = YES_ERROR;
				GCC_WARN_UNDECLARED_SELECTOR = YES;
				GCC_WARN_UNINITIALIZED_AUTOS = YES_AGGRESSIVE;
				GCC_WARN_UNUSED_FUNCTION = YES;
				GCC_WARN_UNUSED_VARIABLE = YES;
				IPHONEOS_DEPLOYMENT_TARGET = 16.4;
				MTL_ENABLE_DEBUG_INFO = NO;
				MTL_FAST_MATH = YES;
				SDKROOT = iphoneos;
				SWIFT_COMPILATION_MODE = wholemodule;
				SWIFT_OPTIMIZATION_LEVEL = "-O";
				VALIDATE_PRODUCT = YES;
			};
			name = Release;
		};
		32F251142A90D2C20084424B /* Debug */ = {
			isa = XCBuildConfiguration;
			buildSettings = {
				ASSETCATALOG_COMPILER_APPICON_NAME = AppIcon;
				ASSETCATALOG_COMPILER_GLOBAL_ACCENT_COLOR_NAME = AccentColor;
				CODE_SIGN_STYLE = Automatic;
				CURRENT_PROJECT_VERSION = 1;
				DEVELOPMENT_ASSET_PATHS = "\"AdvancediOS_SouldDates_Ass1/Preview Content\"";
				DEVELOPMENT_TEAM = HMKUNNBATQ;
				ENABLE_PREVIEWS = YES;
				GENERATE_INFOPLIST_FILE = YES;
				INFOPLIST_KEY_UIApplicationSceneManifest_Generation = YES;
				INFOPLIST_KEY_UIApplicationSupportsIndirectInputEvents = YES;
				INFOPLIST_KEY_UILaunchScreen_Generation = YES;
				INFOPLIST_KEY_UISupportedInterfaceOrientations_iPad = "UIInterfaceOrientationPortrait UIInterfaceOrientationPortraitUpsideDown UIInterfaceOrientationLandscapeLeft UIInterfaceOrientationLandscapeRight";
				INFOPLIST_KEY_UISupportedInterfaceOrientations_iPhone = "UIInterfaceOrientationPortrait UIInterfaceOrientationLandscapeLeft UIInterfaceOrientationLandscapeRight";
				LD_RUNPATH_SEARCH_PATHS = (
					"$(inherited)",
					"@executable_path/Frameworks",
				);
				MARKETING_VERSION = 1.0;
				PRODUCT_BUNDLE_IDENTIFIER = "christopheraverkos.AdvancediOS-SouldDates-Ass1";
				PRODUCT_NAME = "$(TARGET_NAME)";
				SWIFT_EMIT_LOC_STRINGS = YES;
				SWIFT_VERSION = 5.0;
				TARGETED_DEVICE_FAMILY = "1,2";
			};
			name = Debug;
		};
		32F251152A90D2C20084424B /* Release */ = {
			isa = XCBuildConfiguration;
			buildSettings = {
				ASSETCATALOG_COMPILER_APPICON_NAME = AppIcon;
				ASSETCATALOG_COMPILER_GLOBAL_ACCENT_COLOR_NAME = AccentColor;
				CODE_SIGN_STYLE = Automatic;
				CURRENT_PROJECT_VERSION = 1;
				DEVELOPMENT_ASSET_PATHS = "\"AdvancediOS_SouldDates_Ass1/Preview Content\"";
				DEVELOPMENT_TEAM = HMKUNNBATQ;
				ENABLE_PREVIEWS = YES;
				GENERATE_INFOPLIST_FILE = YES;
				INFOPLIST_KEY_UIApplicationSceneManifest_Generation = YES;
				INFOPLIST_KEY_UIApplicationSupportsIndirectInputEvents = YES;
				INFOPLIST_KEY_UILaunchScreen_Generation = YES;
				INFOPLIST_KEY_UISupportedInterfaceOrientations_iPad = "UIInterfaceOrientationPortrait UIInterfaceOrientationPortraitUpsideDown UIInterfaceOrientationLandscapeLeft UIInterfaceOrientationLandscapeRight";
				INFOPLIST_KEY_UISupportedInterfaceOrientations_iPhone = "UIInterfaceOrientationPortrait UIInterfaceOrientationLandscapeLeft UIInterfaceOrientationLandscapeRight";
				LD_RUNPATH_SEARCH_PATHS = (
					"$(inherited)",
					"@executable_path/Frameworks",
				);
				MARKETING_VERSION = 1.0;
				PRODUCT_BUNDLE_IDENTIFIER = "christopheraverkos.AdvancediOS-SouldDates-Ass1";
				PRODUCT_NAME = "$(TARGET_NAME)";
				SWIFT_EMIT_LOC_STRINGS = YES;
				SWIFT_VERSION = 5.0;
				TARGETED_DEVICE_FAMILY = "1,2";
			};
			name = Release;
		};
		32F251172A90D2C20084424B /* Debug */ = {
			isa = XCBuildConfiguration;
			buildSettings = {
				ALWAYS_EMBED_SWIFT_STANDARD_LIBRARIES = YES;
				BUNDLE_LOADER = "$(TEST_HOST)";
				CODE_SIGN_STYLE = Automatic;
				CURRENT_PROJECT_VERSION = 1;
				DEVELOPMENT_TEAM = HMKUNNBATQ;
				GENERATE_INFOPLIST_FILE = YES;
				IPHONEOS_DEPLOYMENT_TARGET = 16.4;
				MARKETING_VERSION = 1.0;
				PRODUCT_BUNDLE_IDENTIFIER = "christopheraverkos.AdvancediOS-SouldDates-Ass1Tests";
				PRODUCT_NAME = "$(TARGET_NAME)";
				SWIFT_EMIT_LOC_STRINGS = NO;
				SWIFT_VERSION = 5.0;
				TARGETED_DEVICE_FAMILY = "1,2";
				TEST_HOST = "$(BUILT_PRODUCTS_DIR)/AdvancediOS_SouldDates_Ass1.app/$(BUNDLE_EXECUTABLE_FOLDER_PATH)/AdvancediOS_SouldDates_Ass1";
			};
			name = Debug;
		};
		32F251182A90D2C20084424B /* Release */ = {
			isa = XCBuildConfiguration;
			buildSettings = {
				ALWAYS_EMBED_SWIFT_STANDARD_LIBRARIES = YES;
				BUNDLE_LOADER = "$(TEST_HOST)";
				CODE_SIGN_STYLE = Automatic;
				CURRENT_PROJECT_VERSION = 1;
				DEVELOPMENT_TEAM = HMKUNNBATQ;
				GENERATE_INFOPLIST_FILE = YES;
				IPHONEOS_DEPLOYMENT_TARGET = 16.4;
				MARKETING_VERSION = 1.0;
				PRODUCT_BUNDLE_IDENTIFIER = "christopheraverkos.AdvancediOS-SouldDates-Ass1Tests";
				PRODUCT_NAME = "$(TARGET_NAME)";
				SWIFT_EMIT_LOC_STRINGS = NO;
				SWIFT_VERSION = 5.0;
				TARGETED_DEVICE_FAMILY = "1,2";
				TEST_HOST = "$(BUILT_PRODUCTS_DIR)/AdvancediOS_SouldDates_Ass1.app/$(BUNDLE_EXECUTABLE_FOLDER_PATH)/AdvancediOS_SouldDates_Ass1";
			};
			name = Release;
		};
		32F2511A2A90D2C20084424B /* Debug */ = {
			isa = XCBuildConfiguration;
			buildSettings = {
				ALWAYS_EMBED_SWIFT_STANDARD_LIBRARIES = YES;
				CODE_SIGN_STYLE = Automatic;
				CURRENT_PROJECT_VERSION = 1;
				DEVELOPMENT_TEAM = HMKUNNBATQ;
				GENERATE_INFOPLIST_FILE = YES;
				MARKETING_VERSION = 1.0;
				PRODUCT_BUNDLE_IDENTIFIER = "christopheraverkos.AdvancediOS-SouldDates-Ass1UITests";
				PRODUCT_NAME = "$(TARGET_NAME)";
				SWIFT_EMIT_LOC_STRINGS = NO;
				SWIFT_VERSION = 5.0;
				TARGETED_DEVICE_FAMILY = "1,2";
				TEST_TARGET_NAME = AdvancediOS_SouldDates_Ass1;
			};
			name = Debug;
		};
		32F2511B2A90D2C20084424B /* Release */ = {
			isa = XCBuildConfiguration;
			buildSettings = {
				ALWAYS_EMBED_SWIFT_STANDARD_LIBRARIES = YES;
				CODE_SIGN_STYLE = Automatic;
				CURRENT_PROJECT_VERSION = 1;
				DEVELOPMENT_TEAM = HMKUNNBATQ;
				GENERATE_INFOPLIST_FILE = YES;
				MARKETING_VERSION = 1.0;
				PRODUCT_BUNDLE_IDENTIFIER = "christopheraverkos.AdvancediOS-SouldDates-Ass1UITests";
				PRODUCT_NAME = "$(TARGET_NAME)";
				SWIFT_EMIT_LOC_STRINGS = NO;
				SWIFT_VERSION = 5.0;
				TARGETED_DEVICE_FAMILY = "1,2";
				TEST_TARGET_NAME = AdvancediOS_SouldDates_Ass1;
			};
			name = Release;
		};
/* End XCBuildConfiguration section */

/* Begin XCConfigurationList section */
		32F250EA2A90D2C10084424B /* Build configuration list for PBXProject "AdvancediOS_SouldDates_Ass1" */ = {
			isa = XCConfigurationList;
			buildConfigurations = (
				32F251112A90D2C20084424B /* Debug */,
				32F251122A90D2C20084424B /* Release */,
			);
			defaultConfigurationIsVisible = 0;
			defaultConfigurationName = Release;
		};
		32F251132A90D2C20084424B /* Build configuration list for PBXNativeTarget "AdvancediOS_SouldDates_Ass1" */ = {
			isa = XCConfigurationList;
			buildConfigurations = (
				32F251142A90D2C20084424B /* Debug */,
				32F251152A90D2C20084424B /* Release */,
			);
			defaultConfigurationIsVisible = 0;
			defaultConfigurationName = Release;
		};
		32F251162A90D2C20084424B /* Build configuration list for PBXNativeTarget "AdvancediOS_SouldDates_Ass1Tests" */ = {
			isa = XCConfigurationList;
			buildConfigurations = (
				32F251172A90D2C20084424B /* Debug */,
				32F251182A90D2C20084424B /* Release */,
			);
			defaultConfigurationIsVisible = 0;
			defaultConfigurationName = Release;
		};
		32F251192A90D2C20084424B /* Build configuration list for PBXNativeTarget "AdvancediOS_SouldDates_Ass1UITests" */ = {
			isa = XCConfigurationList;
			buildConfigurations = (
				32F2511A2A90D2C20084424B /* Debug */,
				32F2511B2A90D2C20084424B /* Release */,
			);
			defaultConfigurationIsVisible = 0;
			defaultConfigurationName = Release;
		};
/* End XCConfigurationList section */
	};
	rootObject = 32F250E72A90D2C10084424B /* Project object */;
}
